// !$*UTF8*$!
{
	archiveVersion = 1;
	classes = {
	};
	objectVersion = 46;
	objects = {

/* Begin PBXBuildFile section */
		6900D4FC17C4494100E04C0C /* default_icon@2x.png in Resources */ = {isa = PBXBuildFile; fileRef = 6900D4FB17C4494100E04C0C /* default_icon@2x.png */; };
		6900D4FE17C4987B00E04C0C /* city.plist in Resources */ = {isa = PBXBuildFile; fileRef = 6900D4FD17C4987B00E04C0C /* city.plist */; };
		6900D50017C4A63500E04C0C /* cityList.plist in Resources */ = {isa = PBXBuildFile; fileRef = 6900D4FF17C4A63500E04C0C /* cityList.plist */; };
		6900D50517C4B66D00E04C0C /* RKDetailViewController.m in Sources */ = {isa = PBXBuildFile; fileRef = 6900D50317C4B66D00E04C0C /* RKDetailViewController.m */; };
		6900D50617C4B66D00E04C0C /* RKDetailViewController.xib in Resources */ = {isa = PBXBuildFile; fileRef = 6900D50417C4B66D00E04C0C /* RKDetailViewController.xib */; };
		6900D51017C4BDA400E04C0C /* backBtn@2x.png in Resources */ = {isa = PBXBuildFile; fileRef = 6900D50817C4BDA400E04C0C /* backBtn@2x.png */; };
		6900D51117C4BDA400E04C0C /* online.png in Resources */ = {isa = PBXBuildFile; fileRef = 6900D50917C4BDA400E04C0C /* online.png */; };
		6900D51217C4BDA400E04C0C /* topBack@2x.png in Resources */ = {isa = PBXBuildFile; fileRef = 6900D50A17C4BDA400E04C0C /* topBack@2x.png */; };
		6900D51517C4BDA400E04C0C /* imageBg@2x.png in Resources */ = {isa = PBXBuildFile; fileRef = 6900D50D17C4BDA400E04C0C /* imageBg@2x.png */; };
		6900D51617C4BDA400E04C0C /* cellBg@2x.png in Resources */ = {isa = PBXBuildFile; fileRef = 6900D50E17C4BDA400E04C0C /* cellBg@2x.png */; };
		6900D51717C4BDA400E04C0C /* arrow@2x.png in Resources */ = {isa = PBXBuildFile; fileRef = 6900D50F17C4BDA400E04C0C /* arrow@2x.png */; };
		6900D51B17C4C26500E04C0C /* btnLine@2x.png in Resources */ = {isa = PBXBuildFile; fileRef = 6900D51817C4C26400E04C0C /* btnLine@2x.png */; };
		6900D51C17C4C26500E04C0C /* btnSelected@2x.png in Resources */ = {isa = PBXBuildFile; fileRef = 6900D51917C4C26400E04C0C /* btnSelected@2x.png */; };
		6900D51D17C4C26500E04C0C /* topBack@2x.png in Resources */ = {isa = PBXBuildFile; fileRef = 6900D51A17C4C26500E04C0C /* topBack@2x.png */; };
		6900D51F17C4C54400E04C0C /* btnBg@2x.png in Resources */ = {isa = PBXBuildFile; fileRef = 6900D51E17C4C54300E04C0C /* btnBg@2x.png */; };
		6900D52317C59AF700E04C0C /* discount_cellBg@2x.png in Resources */ = {isa = PBXBuildFile; fileRef = 6900D52117C59AF700E04C0C /* discount_cellBg@2x.png */; };
		6900D52417C59AF700E04C0C /* discount_topBg@2x.png in Resources */ = {isa = PBXBuildFile; fileRef = 6900D52217C59AF700E04C0C /* discount_topBg@2x.png */; };
		6900D52B17C5C76500E04C0C /* logo@2x.png in Resources */ = {isa = PBXBuildFile; fileRef = 6900D52617C5C76500E04C0C /* logo@2x.png */; };
		6900D52C17C5C76500E04C0C /* myLohas_btnBg@2x.png in Resources */ = {isa = PBXBuildFile; fileRef = 6900D52717C5C76500E04C0C /* myLohas_btnBg@2x.png */; };
		6900D52D17C5C76500E04C0C /* myLohas_textBox@2x.png in Resources */ = {isa = PBXBuildFile; fileRef = 6900D52817C5C76500E04C0C /* myLohas_textBox@2x.png */; };
		6900D52E17C5C76500E04C0C /* myLohas_verifyBg@2x.png in Resources */ = {isa = PBXBuildFile; fileRef = 6900D52917C5C76500E04C0C /* myLohas_verifyBg@2x.png */; };
		6900D52F17C5C76500E04C0C /* myLohas_verifyBox@2x.png in Resources */ = {isa = PBXBuildFile; fileRef = 6900D52A17C5C76500E04C0C /* myLohas_verifyBox@2x.png */; };
		6900D53117C5D5EE00E04C0C /* myLohas_topBg@2x.png in Resources */ = {isa = PBXBuildFile; fileRef = 6900D53017C5D5ED00E04C0C /* myLohas_topBg@2x.png */; };
		6900D53517C6068000E04C0C /* RadioButton-Unselected@2x.png in Resources */ = {isa = PBXBuildFile; fileRef = 6900D53317C6068000E04C0C /* RadioButton-Unselected@2x.png */; };
		6900D53C17C606C200E04C0C /* join_camera@2x.png in Resources */ = {isa = PBXBuildFile; fileRef = 6900D53717C606C200E04C0C /* join_camera@2x.png */; };
		6900D53D17C606C200E04C0C /* join_commitBtn@2x.png in Resources */ = {isa = PBXBuildFile; fileRef = 6900D53817C606C200E04C0C /* join_commitBtn@2x.png */; };
		6900D53E17C606C200E04C0C /* join_line@2x.png in Resources */ = {isa = PBXBuildFile; fileRef = 6900D53917C606C200E04C0C /* join_line@2x.png */; };
		6900D53F17C606C200E04C0C /* join_topBg@2x.png in Resources */ = {isa = PBXBuildFile; fileRef = 6900D53A17C606C200E04C0C /* join_topBg@2x.png */; };
		6900D54217C612BE00E04C0C /* join_okBtn@2x.png in Resources */ = {isa = PBXBuildFile; fileRef = 6900D54117C612BE00E04C0C /* join_okBtn@2x.png */; };
		6900D54417C6148300E04C0C /* home_topBg@2x.png in Resources */ = {isa = PBXBuildFile; fileRef = 6900D54317C6148300E04C0C /* home_topBg@2x.png */; };
		6900D54617C614E300E04C0C /* home_okBtnBg@2x.png in Resources */ = {isa = PBXBuildFile; fileRef = 6900D54517C614E200E04C0C /* home_okBtnBg@2x.png */; };
		6900D54A17C6171500E04C0C /* RadioButton-Selected@2x.png in Resources */ = {isa = PBXBuildFile; fileRef = 6900D54917C6171500E04C0C /* RadioButton-Selected@2x.png */; };
		6900D54C17C61BDE00E04C0C /* join_photoBg@2x.png in Resources */ = {isa = PBXBuildFile; fileRef = 6900D54B17C61BDE00E04C0C /* join_photoBg@2x.png */; };
		6900D54E17C6F32300E04C0C /* background@2x.png in Resources */ = {isa = PBXBuildFile; fileRef = 6900D54D17C6F32300E04C0C /* background@2x.png */; };
		6900D55D17C7099400E04C0C /* detail_phone@2x.png in Resources */ = {isa = PBXBuildFile; fileRef = 6900D55017C7099400E04C0C /* detail_phone@2x.png */; };
		6900D55E17C7099400E04C0C /* detail_map@2x.png in Resources */ = {isa = PBXBuildFile; fileRef = 6900D55117C7099400E04C0C /* detail_map@2x.png */; };
		6900D55F17C7099400E04C0C /* detail_line@2x.png in Resources */ = {isa = PBXBuildFile; fileRef = 6900D55217C7099400E04C0C /* detail_line@2x.png */; };
		6900D56017C7099400E04C0C /* detail_info@2x.png in Resources */ = {isa = PBXBuildFile; fileRef = 6900D55317C7099400E04C0C /* detail_info@2x.png */; };
		6900D56117C7099400E04C0C /* detail_arrow@2x.png in Resources */ = {isa = PBXBuildFile; fileRef = 6900D55417C7099400E04C0C /* detail_arrow@2x.png */; };
		6900D56317C7099400E04C0C /* detail_photoBg@2x.png in Resources */ = {isa = PBXBuildFile; fileRef = 6900D55617C7099400E04C0C /* detail_photoBg@2x.png */; };
		6900D56517C7099400E04C0C /* detail_titleBg@2x.png in Resources */ = {isa = PBXBuildFile; fileRef = 6900D55817C7099400E04C0C /* detail_titleBg@2x.png */; };
		6900D56617C7099400E04C0C /* detail_topBg@2x.png in Resources */ = {isa = PBXBuildFile; fileRef = 6900D55917C7099400E04C0C /* detail_topBg@2x.png */; };
		6900D56917C7099400E04C0C /* detail_infoBg@2x.png in Resources */ = {isa = PBXBuildFile; fileRef = 6900D55C17C7099400E04C0C /* detail_infoBg@2x.png */; };
		693BD59F17C1B3EE0039430B /* NIDropDown.m in Sources */ = {isa = PBXBuildFile; fileRef = 693BD59E17C1B3EE0039430B /* NIDropDown.m */; settings = {COMPILER_FLAGS = "-fno-objc-arc"; }; };
		693BD5A717C1C0AE0039430B /* FlatDatePicker-Icon-Check.png in Resources */ = {isa = PBXBuildFile; fileRef = 693BD5A117C1C0AE0039430B /* FlatDatePicker-Icon-Check.png */; };
		693BD5A817C1C0AE0039430B /* FlatDatePicker-Icon-Check@2x.png in Resources */ = {isa = PBXBuildFile; fileRef = 693BD5A217C1C0AE0039430B /* FlatDatePicker-Icon-Check@2x.png */; };
		693BD5A917C1C0AE0039430B /* FlatDatePicker-Icon-Close.png in Resources */ = {isa = PBXBuildFile; fileRef = 693BD5A317C1C0AE0039430B /* FlatDatePicker-Icon-Close.png */; };
		693BD5AA17C1C0AE0039430B /* FlatDatePicker-Icon-Close@2x.png in Resources */ = {isa = PBXBuildFile; fileRef = 693BD5A417C1C0AE0039430B /* FlatDatePicker-Icon-Close@2x.png */; };
		693BD5AB17C1C0AE0039430B /* FlatDatePicker.m in Sources */ = {isa = PBXBuildFile; fileRef = 693BD5A617C1C0AE0039430B /* FlatDatePicker.m */; };
		693BD5B117C1C8BA0039430B /* RadioButton.m in Sources */ = {isa = PBXBuildFile; fileRef = 693BD5AE17C1C8BA0039430B /* RadioButton.m */; settings = {COMPILER_FLAGS = "-fno-objc-arc"; }; };
		693BD5BA17C1E93B0039430B /* RKDiscountViewController.m in Sources */ = {isa = PBXBuildFile; fileRef = 693BD5B817C1E93B0039430B /* RKDiscountViewController.m */; };
		693BD5BB17C1E93B0039430B /* RKDiscountViewController.xib in Resources */ = {isa = PBXBuildFile; fileRef = 693BD5B917C1E93B0039430B /* RKDiscountViewController.xib */; };
		693BD5C517C1F8CF0039430B /* home_line@2x.png in Resources */ = {isa = PBXBuildFile; fileRef = 693BD5C317C1F8CF0039430B /* home_line@2x.png */; };
		693BD5C717C1FC0E0039430B /* home_lohas@2x.png in Resources */ = {isa = PBXBuildFile; fileRef = 693BD5C617C1FC0E0039430B /* home_lohas@2x.png */; };
		693BD5C917C1FF2C0039430B /* home_discount@2x.png in Resources */ = {isa = PBXBuildFile; fileRef = 693BD5C817C1FF2C0039430B /* home_discount@2x.png */; };
		693BD5CB17C200660039430B /* home_pic@2x.png in Resources */ = {isa = PBXBuildFile; fileRef = 693BD5CA17C200660039430B /* home_pic@2x.png */; };
		693BD5CD17C201480039430B /* home_certification@2x.png in Resources */ = {isa = PBXBuildFile; fileRef = 693BD5CC17C201480039430B /* home_certification@2x.png */; };
		693BD5D017C202920039430B /* home_join@2x.png in Resources */ = {isa = PBXBuildFile; fileRef = 693BD5CE17C202920039430B /* home_join@2x.png */; };
		693BD5D117C202920039430B /* home_mylohas@2x.png in Resources */ = {isa = PBXBuildFile; fileRef = 693BD5CF17C202920039430B /* home_mylohas@2x.png */; };
		693BD5DA17C313A80039430B /* RKDiscountCell.m in Sources */ = {isa = PBXBuildFile; fileRef = 693BD5D817C313A80039430B /* RKDiscountCell.m */; };
		693BD5DB17C313A80039430B /* RKDiscountCell.xib in Resources */ = {isa = PBXBuildFile; fileRef = 693BD5D917C313A80039430B /* RKDiscountCell.xib */; };
		693BD5DE17C3229C0039430B /* RKCertificationCell.m in Sources */ = {isa = PBXBuildFile; fileRef = 693BD5DD17C3229C0039430B /* RKCertificationCell.m */; };
		693BD5E017C322AF0039430B /* RKCertificationCell.xib in Resources */ = {isa = PBXBuildFile; fileRef = 693BD5DF17C322AF0039430B /* RKCertificationCell.xib */; };
		693BD5E417C322FA0039430B /* RKCertifitionViewController.m in Sources */ = {isa = PBXBuildFile; fileRef = 693BD5E217C322FA0039430B /* RKCertifitionViewController.m */; };
		693BD5E517C322FA0039430B /* RKCertifitionViewController.xib in Resources */ = {isa = PBXBuildFile; fileRef = 693BD5E317C322FA0039430B /* RKCertifitionViewController.xib */; };
		693BD5EB17C3498D0039430B /* trade.plist in Resources */ = {isa = PBXBuildFile; fileRef = 693BD5EA17C3498D0039430B /* trade.plist */; };
		69452F8E17BC98A0000B6674 /* UIKit.framework in Frameworks */ = {isa = PBXBuildFile; fileRef = 69452F8D17BC98A0000B6674 /* UIKit.framework */; };
		69452F9017BC98A0000B6674 /* Foundation.framework in Frameworks */ = {isa = PBXBuildFile; fileRef = 69452F8F17BC98A0000B6674 /* Foundation.framework */; };
		69452F9217BC98A0000B6674 /* CoreGraphics.framework in Frameworks */ = {isa = PBXBuildFile; fileRef = 69452F9117BC98A0000B6674 /* CoreGraphics.framework */; };
		69452F9A17BC98A0000B6674 /* main.m in Sources */ = {isa = PBXBuildFile; fileRef = 69452F9917BC98A0000B6674 /* main.m */; };
		69452F9E17BC98A0000B6674 /* RKAppDelegate.m in Sources */ = {isa = PBXBuildFile; fileRef = 69452F9D17BC98A0000B6674 /* RKAppDelegate.m */; };
		69452FA017BC98A0000B6674 /* Default.png in Resources */ = {isa = PBXBuildFile; fileRef = 69452F9F17BC98A0000B6674 /* Default.png */; };
		69452FA217BC98A0000B6674 /* Default@2x.png in Resources */ = {isa = PBXBuildFile; fileRef = 69452FA117BC98A0000B6674 /* Default@2x.png */; };
		69452FA417BC98A0000B6674 /* Default-568h@2x.png in Resources */ = {isa = PBXBuildFile; fileRef = 69452FA317BC98A0000B6674 /* Default-568h@2x.png */; };
		6945300317BC9961000B6674 /* ASIAuthenticationDialog.m in Sources */ = {isa = PBXBuildFile; fileRef = 69452FB017BC9961000B6674 /* ASIAuthenticationDialog.m */; settings = {COMPILER_FLAGS = "-fno-objc-arc"; }; };
		6945300417BC9961000B6674 /* ASIDataCompressor.m in Sources */ = {isa = PBXBuildFile; fileRef = 69452FB317BC9961000B6674 /* ASIDataCompressor.m */; settings = {COMPILER_FLAGS = "-fno-objc-arc"; }; };
		6945300517BC9961000B6674 /* ASIDataDecompressor.m in Sources */ = {isa = PBXBuildFile; fileRef = 69452FB517BC9961000B6674 /* ASIDataDecompressor.m */; settings = {COMPILER_FLAGS = "-fno-objc-arc"; }; };
		6945300617BC9961000B6674 /* ASIDownloadCache.m in Sources */ = {isa = PBXBuildFile; fileRef = 69452FB717BC9961000B6674 /* ASIDownloadCache.m */; settings = {COMPILER_FLAGS = "-fno-objc-arc"; }; };
		6945300717BC9961000B6674 /* ASIFormDataRequest.m in Sources */ = {isa = PBXBuildFile; fileRef = 69452FB917BC9961000B6674 /* ASIFormDataRequest.m */; settings = {COMPILER_FLAGS = "-fno-objc-arc"; }; };
		6945300817BC9961000B6674 /* ASIHTTPRequest.m in Sources */ = {isa = PBXBuildFile; fileRef = 69452FBB17BC9961000B6674 /* ASIHTTPRequest.m */; settings = {COMPILER_FLAGS = "-fno-objc-arc"; }; };
		6945300917BC9961000B6674 /* ASIInputStream.m in Sources */ = {isa = PBXBuildFile; fileRef = 69452FBF17BC9961000B6674 /* ASIInputStream.m */; settings = {COMPILER_FLAGS = "-fno-objc-arc"; }; };
		6945300A17BC9961000B6674 /* ASINetworkQueue.m in Sources */ = {isa = PBXBuildFile; fileRef = 69452FC117BC9961000B6674 /* ASINetworkQueue.m */; settings = {COMPILER_FLAGS = "-fno-objc-arc"; }; };
		6945300B17BC9961000B6674 /* NSObject+SBJson.m in Sources */ = {isa = PBXBuildFile; fileRef = 69452FC917BC9961000B6674 /* NSObject+SBJson.m */; settings = {COMPILER_FLAGS = "-fno-objc-arc"; }; };
		6945300C17BC9961000B6674 /* SBJsonParser.m in Sources */ = {isa = PBXBuildFile; fileRef = 69452FCC17BC9961000B6674 /* SBJsonParser.m */; settings = {COMPILER_FLAGS = "-fno-objc-arc"; }; };
		6945300D17BC9961000B6674 /* SBJsonStreamParser.m in Sources */ = {isa = PBXBuildFile; fileRef = 69452FCE17BC9961000B6674 /* SBJsonStreamParser.m */; settings = {COMPILER_FLAGS = "-fno-objc-arc"; }; };
		6945300E17BC9961000B6674 /* SBJsonStreamParserAccumulator.m in Sources */ = {isa = PBXBuildFile; fileRef = 69452FD017BC9961000B6674 /* SBJsonStreamParserAccumulator.m */; settings = {COMPILER_FLAGS = "-fno-objc-arc"; }; };
		6945300F17BC9961000B6674 /* SBJsonStreamParserAdapter.m in Sources */ = {isa = PBXBuildFile; fileRef = 69452FD217BC9961000B6674 /* SBJsonStreamParserAdapter.m */; settings = {COMPILER_FLAGS = "-fno-objc-arc"; }; };
		6945301017BC9961000B6674 /* SBJsonStreamParserState.m in Sources */ = {isa = PBXBuildFile; fileRef = 69452FD417BC9961000B6674 /* SBJsonStreamParserState.m */; settings = {COMPILER_FLAGS = "-fno-objc-arc"; }; };
		6945301117BC9961000B6674 /* SBJsonStreamWriter.m in Sources */ = {isa = PBXBuildFile; fileRef = 69452FD617BC9961000B6674 /* SBJsonStreamWriter.m */; settings = {COMPILER_FLAGS = "-fno-objc-arc"; }; };
		6945301217BC9962000B6674 /* SBJsonStreamWriterAccumulator.m in Sources */ = {isa = PBXBuildFile; fileRef = 69452FD817BC9961000B6674 /* SBJsonStreamWriterAccumulator.m */; settings = {COMPILER_FLAGS = "-fno-objc-arc"; }; };
		6945301317BC9962000B6674 /* SBJsonStreamWriterState.m in Sources */ = {isa = PBXBuildFile; fileRef = 69452FDA17BC9961000B6674 /* SBJsonStreamWriterState.m */; settings = {COMPILER_FLAGS = "-fno-objc-arc"; }; };
		6945301417BC9962000B6674 /* SBJsonTokeniser.m in Sources */ = {isa = PBXBuildFile; fileRef = 69452FDC17BC9961000B6674 /* SBJsonTokeniser.m */; settings = {COMPILER_FLAGS = "-fno-objc-arc"; }; };
		6945301517BC9962000B6674 /* SBJsonUTF8Stream.m in Sources */ = {isa = PBXBuildFile; fileRef = 69452FDE17BC9961000B6674 /* SBJsonUTF8Stream.m */; settings = {COMPILER_FLAGS = "-fno-objc-arc"; }; };
		6945301617BC9962000B6674 /* SBJsonWriter.m in Sources */ = {isa = PBXBuildFile; fileRef = 69452FE017BC9961000B6674 /* SBJsonWriter.m */; settings = {COMPILER_FLAGS = "-fno-objc-arc"; }; };
		6945301717BC9962000B6674 /* Reachability.m in Sources */ = {isa = PBXBuildFile; fileRef = 69452FE317BC9961000B6674 /* Reachability.m */; settings = {COMPILER_FLAGS = "-fno-objc-arc"; }; };
		6945301817BC9962000B6674 /* MKAnnotationView+WebCache.m in Sources */ = {isa = PBXBuildFile; fileRef = 69452FE617BC9961000B6674 /* MKAnnotationView+WebCache.m */; };
		6945301917BC9962000B6674 /* NSData+GIF.m in Sources */ = {isa = PBXBuildFile; fileRef = 69452FE817BC9961000B6674 /* NSData+GIF.m */; };
		6945301A17BC9962000B6674 /* SDImageCache.m in Sources */ = {isa = PBXBuildFile; fileRef = 69452FEA17BC9961000B6674 /* SDImageCache.m */; };
		6945301B17BC9962000B6674 /* SDWebImageCompat.m in Sources */ = {isa = PBXBuildFile; fileRef = 69452FEC17BC9961000B6674 /* SDWebImageCompat.m */; };
		6945301C17BC9962000B6674 /* SDWebImageDecoder.m in Sources */ = {isa = PBXBuildFile; fileRef = 69452FEE17BC9961000B6674 /* SDWebImageDecoder.m */; };
		6945301D17BC9962000B6674 /* SDWebImageDownloader.m in Sources */ = {isa = PBXBuildFile; fileRef = 69452FF017BC9961000B6674 /* SDWebImageDownloader.m */; };
		6945301E17BC9962000B6674 /* SDWebImageDownloaderOperation.m in Sources */ = {isa = PBXBuildFile; fileRef = 69452FF217BC9961000B6674 /* SDWebImageDownloaderOperation.m */; };
		6945301F17BC9962000B6674 /* SDWebImageManager.m in Sources */ = {isa = PBXBuildFile; fileRef = 69452FF417BC9961000B6674 /* SDWebImageManager.m */; };
		6945302017BC9962000B6674 /* SDWebImagePrefetcher.m in Sources */ = {isa = PBXBuildFile; fileRef = 69452FF717BC9961000B6674 /* SDWebImagePrefetcher.m */; };
		6945302117BC9962000B6674 /* UIButton+WebCache.m in Sources */ = {isa = PBXBuildFile; fileRef = 69452FF917BC9961000B6674 /* UIButton+WebCache.m */; };
		6945302217BC9962000B6674 /* UIImage+GIF.m in Sources */ = {isa = PBXBuildFile; fileRef = 69452FFB17BC9961000B6674 /* UIImage+GIF.m */; };
		6945302317BC9962000B6674 /* UIImage+MultiFormat.m in Sources */ = {isa = PBXBuildFile; fileRef = 69452FFD17BC9961000B6674 /* UIImage+MultiFormat.m */; };
		6945302417BC9962000B6674 /* UIImage+WebP.m in Sources */ = {isa = PBXBuildFile; fileRef = 69452FFF17BC9961000B6674 /* UIImage+WebP.m */; };
		6945302517BC9962000B6674 /* UIImageView+WebCache.m in Sources */ = {isa = PBXBuildFile; fileRef = 6945300117BC9961000B6674 /* UIImageView+WebCache.m */; };
		6945302717BC997B000B6674 /* MapKit.framework in Frameworks */ = {isa = PBXBuildFile; fileRef = 6945302617BC997B000B6674 /* MapKit.framework */; };
		6945302917BC9986000B6674 /* MobileCoreServices.framework in Frameworks */ = {isa = PBXBuildFile; fileRef = 6945302817BC9986000B6674 /* MobileCoreServices.framework */; };
		6945302B17BC998C000B6674 /* SystemConfiguration.framework in Frameworks */ = {isa = PBXBuildFile; fileRef = 6945302A17BC998C000B6674 /* SystemConfiguration.framework */; };
		6945302D17BC9991000B6674 /* CFNetwork.framework in Frameworks */ = {isa = PBXBuildFile; fileRef = 6945302C17BC9991000B6674 /* CFNetwork.framework */; };
		6945302F17BC9998000B6674 /* ImageIO.framework in Frameworks */ = {isa = PBXBuildFile; fileRef = 6945302E17BC9998000B6674 /* ImageIO.framework */; };
		6945303117BC99AF000B6674 /* libz.1.2.5.dylib in Frameworks */ = {isa = PBXBuildFile; fileRef = 6945303017BC99AF000B6674 /* libz.1.2.5.dylib */; };
		6945303317BC99B5000B6674 /* libxml2.dylib in Frameworks */ = {isa = PBXBuildFile; fileRef = 6945303217BC99B5000B6674 /* libxml2.dylib */; };
		6945303617BC9A3B000B6674 /* Common.m in Sources */ = {isa = PBXBuildFile; fileRef = 6945303517BC9A3B000B6674 /* Common.m */; };
		6945303917BC9A4C000B6674 /* RKNetWorkingManager.m in Sources */ = {isa = PBXBuildFile; fileRef = 6945303817BC9A4C000B6674 /* RKNetWorkingManager.m */; settings = {COMPILER_FLAGS = "-fno-objc-arc"; }; };
		6945303E17BC9AFB000B6674 /* RKHomeViewController.m in Sources */ = {isa = PBXBuildFile; fileRef = 6945303C17BC9AFB000B6674 /* RKHomeViewController.m */; };
		6945303F17BC9AFB000B6674 /* RKHomeViewController.xib in Resources */ = {isa = PBXBuildFile; fileRef = 6945303D17BC9AFB000B6674 /* RKHomeViewController.xib */; };
		6945304817BCA6DF000B6674 /* RKCityListViewController.m in Sources */ = {isa = PBXBuildFile; fileRef = 6945304617BCA6DF000B6674 /* RKCityListViewController.m */; };
		6945304917BCA6DF000B6674 /* RKCityListViewController.xib in Resources */ = {isa = PBXBuildFile; fileRef = 6945304717BCA6DF000B6674 /* RKCityListViewController.xib */; };
		6945305317BCB270000B6674 /* RKMyLohasViewController.m in Sources */ = {isa = PBXBuildFile; fileRef = 6945305117BCB270000B6674 /* RKMyLohasViewController.m */; };
		6945305417BCB270000B6674 /* RKMyLohasViewController.xib in Resources */ = {isa = PBXBuildFile; fileRef = 6945305217BCB270000B6674 /* RKMyLohasViewController.xib */; };
		6945305917BCC80D000B6674 /* RKRegisterViewController.m in Sources */ = {isa = PBXBuildFile; fileRef = 6945305717BCC80D000B6674 /* RKRegisterViewController.m */; };
		6945305A17BCC80D000B6674 /* RKRegisterViewController.xib in Resources */ = {isa = PBXBuildFile; fileRef = 6945305817BCC80D000B6674 /* RKRegisterViewController.xib */; };
		6945306217BCE0A9000B6674 /* UIKeyboardView.m in Sources */ = {isa = PBXBuildFile; fileRef = 6945305F17BCE0A9000B6674 /* UIKeyboardView.m */; settings = {COMPILER_FLAGS = "-fno-objc-arc"; }; };
		6945306317BCE0A9000B6674 /* UIKeyboardViewController.m in Sources */ = {isa = PBXBuildFile; fileRef = 6945306117BCE0A9000B6674 /* UIKeyboardViewController.m */; settings = {COMPILER_FLAGS = "-fno-objc-arc"; }; };
		6945306A17BDEBFF000B6674 /* RKJoinViewController.m in Sources */ = {isa = PBXBuildFile; fileRef = 6945306817BDEBFF000B6674 /* RKJoinViewController.m */; };
		6945306B17BDEBFF000B6674 /* RKJoinViewController.xib in Resources */ = {isa = PBXBuildFile; fileRef = 6945306917BDEBFF000B6674 /* RKJoinViewController.xib */; };
		6945306D17BDFD36000B6674 /* QuartzCore.framework in Frameworks */ = {isa = PBXBuildFile; fileRef = 6945306C17BDFD35000B6674 /* QuartzCore.framework */; };
		6945307617BE066D000B6674 /* InfoPlist.strings in Resources */ = {isa = PBXBuildFile; fileRef = 6945307417BE0669000B6674 /* InfoPlist.strings */; };
		6945307717BE066D000B6674 /* Lohas-Info.plist in Resources */ = {isa = PBXBuildFile; fileRef = 6945307517BE066A000B6674 /* Lohas-Info.plist */; };
		6945308617BF5958000B6674 /* CSqlite.m in Sources */ = {isa = PBXBuildFile; fileRef = 6945308017BF5958000B6674 /* CSqlite.m */; };
		6945308717BF5958000B6674 /* gps.db in Resources */ = {isa = PBXBuildFile; fileRef = 6945308117BF5958000B6674 /* gps.db */; };
		6945308B17BF5982000B6674 /* CoreLocation.framework in Frameworks */ = {isa = PBXBuildFile; fileRef = 6945308A17BF5982000B6674 /* CoreLocation.framework */; };
		6945308D17BF5995000B6674 /* libsqlite3.0.dylib in Frameworks */ = {isa = PBXBuildFile; fileRef = 6945308C17BF5995000B6674 /* libsqlite3.0.dylib */; };
/* End PBXBuildFile section */

/* Begin PBXFileReference section */
		6900D4FB17C4494100E04C0C /* default_icon@2x.png */ = {isa = PBXFileReference; lastKnownFileType = image.png; path = "default_icon@2x.png"; sourceTree = "<group>"; };
		6900D4FD17C4987B00E04C0C /* city.plist */ = {isa = PBXFileReference; fileEncoding = 4; lastKnownFileType = text.plist.xml; path = city.plist; sourceTree = "<group>"; };
		6900D4FF17C4A63500E04C0C /* cityList.plist */ = {isa = PBXFileReference; fileEncoding = 4; lastKnownFileType = text.plist.xml; path = cityList.plist; sourceTree = "<group>"; };
		6900D50217C4B66D00E04C0C /* RKDetailViewController.h */ = {isa = PBXFileReference; fileEncoding = 4; lastKnownFileType = sourcecode.c.h; path = RKDetailViewController.h; sourceTree = "<group>"; };
		6900D50317C4B66D00E04C0C /* RKDetailViewController.m */ = {isa = PBXFileReference; fileEncoding = 4; lastKnownFileType = sourcecode.c.objc; path = RKDetailViewController.m; sourceTree = "<group>"; };
		6900D50417C4B66D00E04C0C /* RKDetailViewController.xib */ = {isa = PBXFileReference; fileEncoding = 4; lastKnownFileType = file.xib; path = RKDetailViewController.xib; sourceTree = "<group>"; };
		6900D50817C4BDA400E04C0C /* backBtn@2x.png */ = {isa = PBXFileReference; lastKnownFileType = image.png; path = "backBtn@2x.png"; sourceTree = "<group>"; };
		6900D50917C4BDA400E04C0C /* online.png */ = {isa = PBXFileReference; lastKnownFileType = image.png; path = online.png; sourceTree = "<group>"; };
		6900D50A17C4BDA400E04C0C /* topBack@2x.png */ = {isa = PBXFileReference; lastKnownFileType = image.png; path = "topBack@2x.png"; sourceTree = "<group>"; };
		6900D50D17C4BDA400E04C0C /* imageBg@2x.png */ = {isa = PBXFileReference; lastKnownFileType = image.png; path = "imageBg@2x.png"; sourceTree = "<group>"; };
		6900D50E17C4BDA400E04C0C /* cellBg@2x.png */ = {isa = PBXFileReference; lastKnownFileType = image.png; path = "cellBg@2x.png"; sourceTree = "<group>"; };
		6900D50F17C4BDA400E04C0C /* arrow@2x.png */ = {isa = PBXFileReference; lastKnownFileType = image.png; path = "arrow@2x.png"; sourceTree = "<group>"; };
		6900D51817C4C26400E04C0C /* btnLine@2x.png */ = {isa = PBXFileReference; lastKnownFileType = image.png; path = "btnLine@2x.png"; sourceTree = "<group>"; };
		6900D51917C4C26400E04C0C /* btnSelected@2x.png */ = {isa = PBXFileReference; lastKnownFileType = image.png; path = "btnSelected@2x.png"; sourceTree = "<group>"; };
		6900D51A17C4C26500E04C0C /* topBack@2x.png */ = {isa = PBXFileReference; lastKnownFileType = image.png; path = "topBack@2x.png"; sourceTree = "<group>"; };
		6900D51E17C4C54300E04C0C /* btnBg@2x.png */ = {isa = PBXFileReference; lastKnownFileType = image.png; path = "btnBg@2x.png"; sourceTree = "<group>"; };
		6900D52117C59AF700E04C0C /* discount_cellBg@2x.png */ = {isa = PBXFileReference; lastKnownFileType = image.png; path = "discount_cellBg@2x.png"; sourceTree = "<group>"; };
		6900D52217C59AF700E04C0C /* discount_topBg@2x.png */ = {isa = PBXFileReference; lastKnownFileType = image.png; path = "discount_topBg@2x.png"; sourceTree = "<group>"; };
		6900D52617C5C76500E04C0C /* logo@2x.png */ = {isa = PBXFileReference; lastKnownFileType = image.png; path = "logo@2x.png"; sourceTree = "<group>"; };
		6900D52717C5C76500E04C0C /* myLohas_btnBg@2x.png */ = {isa = PBXFileReference; lastKnownFileType = image.png; path = "myLohas_btnBg@2x.png"; sourceTree = "<group>"; };
		6900D52817C5C76500E04C0C /* myLohas_textBox@2x.png */ = {isa = PBXFileReference; lastKnownFileType = image.png; path = "myLohas_textBox@2x.png"; sourceTree = "<group>"; };
		6900D52917C5C76500E04C0C /* myLohas_verifyBg@2x.png */ = {isa = PBXFileReference; lastKnownFileType = image.png; path = "myLohas_verifyBg@2x.png"; sourceTree = "<group>"; };
		6900D52A17C5C76500E04C0C /* myLohas_verifyBox@2x.png */ = {isa = PBXFileReference; lastKnownFileType = image.png; path = "myLohas_verifyBox@2x.png"; sourceTree = "<group>"; };
		6900D53017C5D5ED00E04C0C /* myLohas_topBg@2x.png */ = {isa = PBXFileReference; lastKnownFileType = image.png; path = "myLohas_topBg@2x.png"; sourceTree = "<group>"; };
		6900D53317C6068000E04C0C /* RadioButton-Unselected@2x.png */ = {isa = PBXFileReference; lastKnownFileType = image.png; path = "RadioButton-Unselected@2x.png"; sourceTree = "<group>"; };
		6900D53717C606C200E04C0C /* join_camera@2x.png */ = {isa = PBXFileReference; lastKnownFileType = image.png; path = "join_camera@2x.png"; sourceTree = "<group>"; };
		6900D53817C606C200E04C0C /* join_commitBtn@2x.png */ = {isa = PBXFileReference; lastKnownFileType = image.png; path = "join_commitBtn@2x.png"; sourceTree = "<group>"; };
		6900D53917C606C200E04C0C /* join_line@2x.png */ = {isa = PBXFileReference; lastKnownFileType = image.png; path = "join_line@2x.png"; sourceTree = "<group>"; };
		6900D53A17C606C200E04C0C /* join_topBg@2x.png */ = {isa = PBXFileReference; lastKnownFileType = image.png; path = "join_topBg@2x.png"; sourceTree = "<group>"; };
		6900D54117C612BE00E04C0C /* join_okBtn@2x.png */ = {isa = PBXFileReference; lastKnownFileType = image.png; path = "join_okBtn@2x.png"; sourceTree = "<group>"; };
		6900D54317C6148300E04C0C /* home_topBg@2x.png */ = {isa = PBXFileReference; lastKnownFileType = image.png; path = "home_topBg@2x.png"; sourceTree = "<group>"; };
		6900D54517C614E200E04C0C /* home_okBtnBg@2x.png */ = {isa = PBXFileReference; lastKnownFileType = image.png; path = "home_okBtnBg@2x.png"; sourceTree = "<group>"; };
		6900D54917C6171500E04C0C /* RadioButton-Selected@2x.png */ = {isa = PBXFileReference; lastKnownFileType = image.png; path = "RadioButton-Selected@2x.png"; sourceTree = "<group>"; };
		6900D54B17C61BDE00E04C0C /* join_photoBg@2x.png */ = {isa = PBXFileReference; lastKnownFileType = image.png; path = "join_photoBg@2x.png"; sourceTree = "<group>"; };
		6900D54D17C6F32300E04C0C /* background@2x.png */ = {isa = PBXFileReference; lastKnownFileType = image.png; path = "background@2x.png"; sourceTree = "<group>"; };
		6900D55017C7099400E04C0C /* detail_phone@2x.png */ = {isa = PBXFileReference; lastKnownFileType = image.png; path = "detail_phone@2x.png"; sourceTree = "<group>"; };
		6900D55117C7099400E04C0C /* detail_map@2x.png */ = {isa = PBXFileReference; lastKnownFileType = image.png; path = "detail_map@2x.png"; sourceTree = "<group>"; };
		6900D55217C7099400E04C0C /* detail_line@2x.png */ = {isa = PBXFileReference; lastKnownFileType = image.png; path = "detail_line@2x.png"; sourceTree = "<group>"; };
		6900D55317C7099400E04C0C /* detail_info@2x.png */ = {isa = PBXFileReference; lastKnownFileType = image.png; path = "detail_info@2x.png"; sourceTree = "<group>"; };
		6900D55417C7099400E04C0C /* detail_arrow@2x.png */ = {isa = PBXFileReference; lastKnownFileType = image.png; path = "detail_arrow@2x.png"; sourceTree = "<group>"; };
		6900D55617C7099400E04C0C /* detail_photoBg@2x.png */ = {isa = PBXFileReference; lastKnownFileType = image.png; path = "detail_photoBg@2x.png"; sourceTree = "<group>"; };
		6900D55817C7099400E04C0C /* detail_titleBg@2x.png */ = {isa = PBXFileReference; lastKnownFileType = image.png; path = "detail_titleBg@2x.png"; sourceTree = "<group>"; };
		6900D55917C7099400E04C0C /* detail_topBg@2x.png */ = {isa = PBXFileReference; lastKnownFileType = image.png; path = "detail_topBg@2x.png"; sourceTree = "<group>"; };
		6900D55C17C7099400E04C0C /* detail_infoBg@2x.png */ = {isa = PBXFileReference; lastKnownFileType = image.png; path = "detail_infoBg@2x.png"; sourceTree = "<group>"; };
		693BD59D17C1B3EE0039430B /* NIDropDown.h */ = {isa = PBXFileReference; fileEncoding = 4; lastKnownFileType = sourcecode.c.h; path = NIDropDown.h; sourceTree = "<group>"; };
		693BD59E17C1B3EE0039430B /* NIDropDown.m */ = {isa = PBXFileReference; fileEncoding = 4; lastKnownFileType = sourcecode.c.objc; path = NIDropDown.m; sourceTree = "<group>"; };
		693BD5A117C1C0AE0039430B /* FlatDatePicker-Icon-Check.png */ = {isa = PBXFileReference; lastKnownFileType = image.png; path = "FlatDatePicker-Icon-Check.png"; sourceTree = "<group>"; };
		693BD5A217C1C0AE0039430B /* FlatDatePicker-Icon-Check@2x.png */ = {isa = PBXFileReference; lastKnownFileType = image.png; path = "FlatDatePicker-Icon-Check@2x.png"; sourceTree = "<group>"; };
		693BD5A317C1C0AE0039430B /* FlatDatePicker-Icon-Close.png */ = {isa = PBXFileReference; lastKnownFileType = image.png; path = "FlatDatePicker-Icon-Close.png"; sourceTree = "<group>"; };
		693BD5A417C1C0AE0039430B /* FlatDatePicker-Icon-Close@2x.png */ = {isa = PBXFileReference; lastKnownFileType = image.png; path = "FlatDatePicker-Icon-Close@2x.png"; sourceTree = "<group>"; };
		693BD5A517C1C0AE0039430B /* FlatDatePicker.h */ = {isa = PBXFileReference; fileEncoding = 4; lastKnownFileType = sourcecode.c.h; path = FlatDatePicker.h; sourceTree = "<group>"; };
		693BD5A617C1C0AE0039430B /* FlatDatePicker.m */ = {isa = PBXFileReference; fileEncoding = 4; lastKnownFileType = sourcecode.c.objc; path = FlatDatePicker.m; sourceTree = "<group>"; };
		693BD5AD17C1C8BA0039430B /* RadioButton.h */ = {isa = PBXFileReference; fileEncoding = 4; lastKnownFileType = sourcecode.c.h; path = RadioButton.h; sourceTree = "<group>"; };
		693BD5AE17C1C8BA0039430B /* RadioButton.m */ = {isa = PBXFileReference; fileEncoding = 4; lastKnownFileType = sourcecode.c.objc; path = RadioButton.m; sourceTree = "<group>"; };
		693BD5B717C1E93B0039430B /* RKDiscountViewController.h */ = {isa = PBXFileReference; fileEncoding = 4; lastKnownFileType = sourcecode.c.h; path = RKDiscountViewController.h; sourceTree = "<group>"; };
		693BD5B817C1E93B0039430B /* RKDiscountViewController.m */ = {isa = PBXFileReference; fileEncoding = 4; lastKnownFileType = sourcecode.c.objc; path = RKDiscountViewController.m; sourceTree = "<group>"; };
		693BD5B917C1E93B0039430B /* RKDiscountViewController.xib */ = {isa = PBXFileReference; fileEncoding = 4; lastKnownFileType = file.xib; path = RKDiscountViewController.xib; sourceTree = "<group>"; };
		693BD5C317C1F8CF0039430B /* home_line@2x.png */ = {isa = PBXFileReference; lastKnownFileType = image.png; path = "home_line@2x.png"; sourceTree = "<group>"; };
		693BD5C617C1FC0E0039430B /* home_lohas@2x.png */ = {isa = PBXFileReference; lastKnownFileType = image.png; path = "home_lohas@2x.png"; sourceTree = "<group>"; };
		693BD5C817C1FF2C0039430B /* home_discount@2x.png */ = {isa = PBXFileReference; lastKnownFileType = image.png; path = "home_discount@2x.png"; sourceTree = "<group>"; };
		693BD5CA17C200660039430B /* home_pic@2x.png */ = {isa = PBXFileReference; lastKnownFileType = image.png; path = "home_pic@2x.png"; sourceTree = "<group>"; };
		693BD5CC17C201480039430B /* home_certification@2x.png */ = {isa = PBXFileReference; lastKnownFileType = image.png; path = "home_certification@2x.png"; sourceTree = "<group>"; };
		693BD5CE17C202920039430B /* home_join@2x.png */ = {isa = PBXFileReference; lastKnownFileType = image.png; path = "home_join@2x.png"; sourceTree = "<group>"; };
		693BD5CF17C202920039430B /* home_mylohas@2x.png */ = {isa = PBXFileReference; lastKnownFileType = image.png; path = "home_mylohas@2x.png"; sourceTree = "<group>"; };
		693BD5D717C313A80039430B /* RKDiscountCell.h */ = {isa = PBXFileReference; fileEncoding = 4; lastKnownFileType = sourcecode.c.h; path = RKDiscountCell.h; sourceTree = "<group>"; };
		693BD5D817C313A80039430B /* RKDiscountCell.m */ = {isa = PBXFileReference; fileEncoding = 4; lastKnownFileType = sourcecode.c.objc; path = RKDiscountCell.m; sourceTree = "<group>"; };
		693BD5D917C313A80039430B /* RKDiscountCell.xib */ = {isa = PBXFileReference; fileEncoding = 4; lastKnownFileType = file.xib; path = RKDiscountCell.xib; sourceTree = "<group>"; };
		693BD5DC17C3229C0039430B /* RKCertificationCell.h */ = {isa = PBXFileReference; fileEncoding = 4; lastKnownFileType = sourcecode.c.h; path = RKCertificationCell.h; sourceTree = "<group>"; };
		693BD5DD17C3229C0039430B /* RKCertificationCell.m */ = {isa = PBXFileReference; fileEncoding = 4; lastKnownFileType = sourcecode.c.objc; path = RKCertificationCell.m; sourceTree = "<group>"; };
		693BD5DF17C322AF0039430B /* RKCertificationCell.xib */ = {isa = PBXFileReference; fileEncoding = 4; lastKnownFileType = file.xib; path = RKCertificationCell.xib; sourceTree = "<group>"; };
		693BD5E117C322F90039430B /* RKCertifitionViewController.h */ = {isa = PBXFileReference; fileEncoding = 4; lastKnownFileType = sourcecode.c.h; path = RKCertifitionViewController.h; sourceTree = "<group>"; };
		693BD5E217C322FA0039430B /* RKCertifitionViewController.m */ = {isa = PBXFileReference; fileEncoding = 4; lastKnownFileType = sourcecode.c.objc; path = RKCertifitionViewController.m; sourceTree = "<group>"; };
		693BD5E317C322FA0039430B /* RKCertifitionViewController.xib */ = {isa = PBXFileReference; fileEncoding = 4; lastKnownFileType = file.xib; path = RKCertifitionViewController.xib; sourceTree = "<group>"; };
		693BD5EA17C3498D0039430B /* trade.plist */ = {isa = PBXFileReference; fileEncoding = 4; lastKnownFileType = text.plist.xml; path = trade.plist; sourceTree = "<group>"; };
		69452F8A17BC98A0000B6674 /* Lohas.app */ = {isa = PBXFileReference; explicitFileType = wrapper.application; includeInIndex = 0; path = Lohas.app; sourceTree = BUILT_PRODUCTS_DIR; };
		69452F8D17BC98A0000B6674 /* UIKit.framework */ = {isa = PBXFileReference; lastKnownFileType = wrapper.framework; name = UIKit.framework; path = System/Library/Frameworks/UIKit.framework; sourceTree = SDKROOT; };
		69452F8F17BC98A0000B6674 /* Foundation.framework */ = {isa = PBXFileReference; lastKnownFileType = wrapper.framework; name = Foundation.framework; path = System/Library/Frameworks/Foundation.framework; sourceTree = SDKROOT; };
		69452F9117BC98A0000B6674 /* CoreGraphics.framework */ = {isa = PBXFileReference; lastKnownFileType = wrapper.framework; name = CoreGraphics.framework; path = System/Library/Frameworks/CoreGraphics.framework; sourceTree = SDKROOT; };
		69452F9917BC98A0000B6674 /* main.m */ = {isa = PBXFileReference; fileEncoding = 4; lastKnownFileType = sourcecode.c.objc; path = main.m; sourceTree = "<group>"; };
		69452F9B17BC98A0000B6674 /* Lohas-Prefix.pch */ = {isa = PBXFileReference; lastKnownFileType = sourcecode.c.h; path = "Lohas-Prefix.pch"; sourceTree = "<group>"; };
		69452F9C17BC98A0000B6674 /* RKAppDelegate.h */ = {isa = PBXFileReference; lastKnownFileType = sourcecode.c.h; path = RKAppDelegate.h; sourceTree = "<group>"; };
		69452F9D17BC98A0000B6674 /* RKAppDelegate.m */ = {isa = PBXFileReference; lastKnownFileType = sourcecode.c.objc; path = RKAppDelegate.m; sourceTree = "<group>"; };
		69452F9F17BC98A0000B6674 /* Default.png */ = {isa = PBXFileReference; lastKnownFileType = image.png; path = Default.png; sourceTree = "<group>"; };
		69452FA117BC98A0000B6674 /* Default@2x.png */ = {isa = PBXFileReference; lastKnownFileType = image.png; path = "Default@2x.png"; sourceTree = "<group>"; };
		69452FA317BC98A0000B6674 /* Default-568h@2x.png */ = {isa = PBXFileReference; lastKnownFileType = image.png; path = "Default-568h@2x.png"; sourceTree = "<group>"; };
		69452FAF17BC9961000B6674 /* ASIAuthenticationDialog.h */ = {isa = PBXFileReference; fileEncoding = 4; lastKnownFileType = sourcecode.c.h; path = ASIAuthenticationDialog.h; sourceTree = "<group>"; };
		69452FB017BC9961000B6674 /* ASIAuthenticationDialog.m */ = {isa = PBXFileReference; fileEncoding = 4; lastKnownFileType = sourcecode.c.objc; path = ASIAuthenticationDialog.m; sourceTree = "<group>"; };
		69452FB117BC9961000B6674 /* ASICacheDelegate.h */ = {isa = PBXFileReference; fileEncoding = 4; lastKnownFileType = sourcecode.c.h; path = ASICacheDelegate.h; sourceTree = "<group>"; };
		69452FB217BC9961000B6674 /* ASIDataCompressor.h */ = {isa = PBXFileReference; fileEncoding = 4; lastKnownFileType = sourcecode.c.h; path = ASIDataCompressor.h; sourceTree = "<group>"; };
		69452FB317BC9961000B6674 /* ASIDataCompressor.m */ = {isa = PBXFileReference; fileEncoding = 4; lastKnownFileType = sourcecode.c.objc; path = ASIDataCompressor.m; sourceTree = "<group>"; };
		69452FB417BC9961000B6674 /* ASIDataDecompressor.h */ = {isa = PBXFileReference; fileEncoding = 4; lastKnownFileType = sourcecode.c.h; path = ASIDataDecompressor.h; sourceTree = "<group>"; };
		69452FB517BC9961000B6674 /* ASIDataDecompressor.m */ = {isa = PBXFileReference; fileEncoding = 4; lastKnownFileType = sourcecode.c.objc; path = ASIDataDecompressor.m; sourceTree = "<group>"; };
		69452FB617BC9961000B6674 /* ASIDownloadCache.h */ = {isa = PBXFileReference; fileEncoding = 4; lastKnownFileType = sourcecode.c.h; path = ASIDownloadCache.h; sourceTree = "<group>"; };
		69452FB717BC9961000B6674 /* ASIDownloadCache.m */ = {isa = PBXFileReference; fileEncoding = 4; lastKnownFileType = sourcecode.c.objc; path = ASIDownloadCache.m; sourceTree = "<group>"; };
		69452FB817BC9961000B6674 /* ASIFormDataRequest.h */ = {isa = PBXFileReference; fileEncoding = 4; lastKnownFileType = sourcecode.c.h; path = ASIFormDataRequest.h; sourceTree = "<group>"; };
		69452FB917BC9961000B6674 /* ASIFormDataRequest.m */ = {isa = PBXFileReference; fileEncoding = 4; lastKnownFileType = sourcecode.c.objc; path = ASIFormDataRequest.m; sourceTree = "<group>"; };
		69452FBA17BC9961000B6674 /* ASIHTTPRequest.h */ = {isa = PBXFileReference; fileEncoding = 4; lastKnownFileType = sourcecode.c.h; path = ASIHTTPRequest.h; sourceTree = "<group>"; };
		69452FBB17BC9961000B6674 /* ASIHTTPRequest.m */ = {isa = PBXFileReference; fileEncoding = 4; lastKnownFileType = sourcecode.c.objc; path = ASIHTTPRequest.m; sourceTree = "<group>"; };
		69452FBC17BC9961000B6674 /* ASIHTTPRequestConfig.h */ = {isa = PBXFileReference; fileEncoding = 4; lastKnownFileType = sourcecode.c.h; path = ASIHTTPRequestConfig.h; sourceTree = "<group>"; };
		69452FBD17BC9961000B6674 /* ASIHTTPRequestDelegate.h */ = {isa = PBXFileReference; fileEncoding = 4; lastKnownFileType = sourcecode.c.h; path = ASIHTTPRequestDelegate.h; sourceTree = "<group>"; };
		69452FBE17BC9961000B6674 /* ASIInputStream.h */ = {isa = PBXFileReference; fileEncoding = 4; lastKnownFileType = sourcecode.c.h; path = ASIInputStream.h; sourceTree = "<group>"; };
		69452FBF17BC9961000B6674 /* ASIInputStream.m */ = {isa = PBXFileReference; fileEncoding = 4; lastKnownFileType = sourcecode.c.objc; path = ASIInputStream.m; sourceTree = "<group>"; };
		69452FC017BC9961000B6674 /* ASINetworkQueue.h */ = {isa = PBXFileReference; fileEncoding = 4; lastKnownFileType = sourcecode.c.h; path = ASINetworkQueue.h; sourceTree = "<group>"; };
		69452FC117BC9961000B6674 /* ASINetworkQueue.m */ = {isa = PBXFileReference; fileEncoding = 4; lastKnownFileType = sourcecode.c.objc; path = ASINetworkQueue.m; sourceTree = "<group>"; };
		69452FC217BC9961000B6674 /* ASIProgressDelegate.h */ = {isa = PBXFileReference; fileEncoding = 4; lastKnownFileType = sourcecode.c.h; path = ASIProgressDelegate.h; sourceTree = "<group>"; };
		69452FC817BC9961000B6674 /* NSObject+SBJson.h */ = {isa = PBXFileReference; fileEncoding = 4; lastKnownFileType = sourcecode.c.h; path = "NSObject+SBJson.h"; sourceTree = "<group>"; };
		69452FC917BC9961000B6674 /* NSObject+SBJson.m */ = {isa = PBXFileReference; fileEncoding = 4; lastKnownFileType = sourcecode.c.objc; path = "NSObject+SBJson.m"; sourceTree = "<group>"; };
		69452FCA17BC9961000B6674 /* SBJson.h */ = {isa = PBXFileReference; fileEncoding = 4; lastKnownFileType = sourcecode.c.h; path = SBJson.h; sourceTree = "<group>"; };
		69452FCB17BC9961000B6674 /* SBJsonParser.h */ = {isa = PBXFileReference; fileEncoding = 4; lastKnownFileType = sourcecode.c.h; path = SBJsonParser.h; sourceTree = "<group>"; };
		69452FCC17BC9961000B6674 /* SBJsonParser.m */ = {isa = PBXFileReference; fileEncoding = 4; lastKnownFileType = sourcecode.c.objc; path = SBJsonParser.m; sourceTree = "<group>"; };
		69452FCD17BC9961000B6674 /* SBJsonStreamParser.h */ = {isa = PBXFileReference; fileEncoding = 4; lastKnownFileType = sourcecode.c.h; path = SBJsonStreamParser.h; sourceTree = "<group>"; };
		69452FCE17BC9961000B6674 /* SBJsonStreamParser.m */ = {isa = PBXFileReference; fileEncoding = 4; lastKnownFileType = sourcecode.c.objc; path = SBJsonStreamParser.m; sourceTree = "<group>"; };
		69452FCF17BC9961000B6674 /* SBJsonStreamParserAccumulator.h */ = {isa = PBXFileReference; fileEncoding = 4; lastKnownFileType = sourcecode.c.h; path = SBJsonStreamParserAccumulator.h; sourceTree = "<group>"; };
		69452FD017BC9961000B6674 /* SBJsonStreamParserAccumulator.m */ = {isa = PBXFileReference; fileEncoding = 4; lastKnownFileType = sourcecode.c.objc; path = SBJsonStreamParserAccumulator.m; sourceTree = "<group>"; };
		69452FD117BC9961000B6674 /* SBJsonStreamParserAdapter.h */ = {isa = PBXFileReference; fileEncoding = 4; lastKnownFileType = sourcecode.c.h; path = SBJsonStreamParserAdapter.h; sourceTree = "<group>"; };
		69452FD217BC9961000B6674 /* SBJsonStreamParserAdapter.m */ = {isa = PBXFileReference; fileEncoding = 4; lastKnownFileType = sourcecode.c.objc; path = SBJsonStreamParserAdapter.m; sourceTree = "<group>"; };
		69452FD317BC9961000B6674 /* SBJsonStreamParserState.h */ = {isa = PBXFileReference; fileEncoding = 4; lastKnownFileType = sourcecode.c.h; path = SBJsonStreamParserState.h; sourceTree = "<group>"; };
		69452FD417BC9961000B6674 /* SBJsonStreamParserState.m */ = {isa = PBXFileReference; fileEncoding = 4; lastKnownFileType = sourcecode.c.objc; path = SBJsonStreamParserState.m; sourceTree = "<group>"; };
		69452FD517BC9961000B6674 /* SBJsonStreamWriter.h */ = {isa = PBXFileReference; fileEncoding = 4; lastKnownFileType = sourcecode.c.h; path = SBJsonStreamWriter.h; sourceTree = "<group>"; };
		69452FD617BC9961000B6674 /* SBJsonStreamWriter.m */ = {isa = PBXFileReference; fileEncoding = 4; lastKnownFileType = sourcecode.c.objc; path = SBJsonStreamWriter.m; sourceTree = "<group>"; };
		69452FD717BC9961000B6674 /* SBJsonStreamWriterAccumulator.h */ = {isa = PBXFileReference; fileEncoding = 4; lastKnownFileType = sourcecode.c.h; path = SBJsonStreamWriterAccumulator.h; sourceTree = "<group>"; };
		69452FD817BC9961000B6674 /* SBJsonStreamWriterAccumulator.m */ = {isa = PBXFileReference; fileEncoding = 4; lastKnownFileType = sourcecode.c.objc; path = SBJsonStreamWriterAccumulator.m; sourceTree = "<group>"; };
		69452FD917BC9961000B6674 /* SBJsonStreamWriterState.h */ = {isa = PBXFileReference; fileEncoding = 4; lastKnownFileType = sourcecode.c.h; path = SBJsonStreamWriterState.h; sourceTree = "<group>"; };
		69452FDA17BC9961000B6674 /* SBJsonStreamWriterState.m */ = {isa = PBXFileReference; fileEncoding = 4; lastKnownFileType = sourcecode.c.objc; path = SBJsonStreamWriterState.m; sourceTree = "<group>"; };
		69452FDB17BC9961000B6674 /* SBJsonTokeniser.h */ = {isa = PBXFileReference; fileEncoding = 4; lastKnownFileType = sourcecode.c.h; path = SBJsonTokeniser.h; sourceTree = "<group>"; };
		69452FDC17BC9961000B6674 /* SBJsonTokeniser.m */ = {isa = PBXFileReference; fileEncoding = 4; lastKnownFileType = sourcecode.c.objc; path = SBJsonTokeniser.m; sourceTree = "<group>"; };
		69452FDD17BC9961000B6674 /* SBJsonUTF8Stream.h */ = {isa = PBXFileReference; fileEncoding = 4; lastKnownFileType = sourcecode.c.h; path = SBJsonUTF8Stream.h; sourceTree = "<group>"; };
		69452FDE17BC9961000B6674 /* SBJsonUTF8Stream.m */ = {isa = PBXFileReference; fileEncoding = 4; lastKnownFileType = sourcecode.c.objc; path = SBJsonUTF8Stream.m; sourceTree = "<group>"; };
		69452FDF17BC9961000B6674 /* SBJsonWriter.h */ = {isa = PBXFileReference; fileEncoding = 4; lastKnownFileType = sourcecode.c.h; path = SBJsonWriter.h; sourceTree = "<group>"; };
		69452FE017BC9961000B6674 /* SBJsonWriter.m */ = {isa = PBXFileReference; fileEncoding = 4; lastKnownFileType = sourcecode.c.objc; path = SBJsonWriter.m; sourceTree = "<group>"; };
		69452FE217BC9961000B6674 /* Reachability.h */ = {isa = PBXFileReference; fileEncoding = 4; lastKnownFileType = sourcecode.c.h; path = Reachability.h; sourceTree = "<group>"; };
		69452FE317BC9961000B6674 /* Reachability.m */ = {isa = PBXFileReference; fileEncoding = 4; lastKnownFileType = sourcecode.c.objc; path = Reachability.m; sourceTree = "<group>"; };
		69452FE517BC9961000B6674 /* MKAnnotationView+WebCache.h */ = {isa = PBXFileReference; fileEncoding = 4; lastKnownFileType = sourcecode.c.h; path = "MKAnnotationView+WebCache.h"; sourceTree = "<group>"; };
		69452FE617BC9961000B6674 /* MKAnnotationView+WebCache.m */ = {isa = PBXFileReference; fileEncoding = 4; lastKnownFileType = sourcecode.c.objc; path = "MKAnnotationView+WebCache.m"; sourceTree = "<group>"; };
		69452FE717BC9961000B6674 /* NSData+GIF.h */ = {isa = PBXFileReference; fileEncoding = 4; lastKnownFileType = sourcecode.c.h; path = "NSData+GIF.h"; sourceTree = "<group>"; };
		69452FE817BC9961000B6674 /* NSData+GIF.m */ = {isa = PBXFileReference; fileEncoding = 4; lastKnownFileType = sourcecode.c.objc; path = "NSData+GIF.m"; sourceTree = "<group>"; };
		69452FE917BC9961000B6674 /* SDImageCache.h */ = {isa = PBXFileReference; fileEncoding = 4; lastKnownFileType = sourcecode.c.h; path = SDImageCache.h; sourceTree = "<group>"; };
		69452FEA17BC9961000B6674 /* SDImageCache.m */ = {isa = PBXFileReference; fileEncoding = 4; lastKnownFileType = sourcecode.c.objc; path = SDImageCache.m; sourceTree = "<group>"; };
		69452FEB17BC9961000B6674 /* SDWebImageCompat.h */ = {isa = PBXFileReference; fileEncoding = 4; lastKnownFileType = sourcecode.c.h; path = SDWebImageCompat.h; sourceTree = "<group>"; };
		69452FEC17BC9961000B6674 /* SDWebImageCompat.m */ = {isa = PBXFileReference; fileEncoding = 4; lastKnownFileType = sourcecode.c.objc; path = SDWebImageCompat.m; sourceTree = "<group>"; };
		69452FED17BC9961000B6674 /* SDWebImageDecoder.h */ = {isa = PBXFileReference; fileEncoding = 4; lastKnownFileType = sourcecode.c.h; path = SDWebImageDecoder.h; sourceTree = "<group>"; };
		69452FEE17BC9961000B6674 /* SDWebImageDecoder.m */ = {isa = PBXFileReference; fileEncoding = 4; lastKnownFileType = sourcecode.c.objc; path = SDWebImageDecoder.m; sourceTree = "<group>"; };
		69452FEF17BC9961000B6674 /* SDWebImageDownloader.h */ = {isa = PBXFileReference; fileEncoding = 4; lastKnownFileType = sourcecode.c.h; path = SDWebImageDownloader.h; sourceTree = "<group>"; };
		69452FF017BC9961000B6674 /* SDWebImageDownloader.m */ = {isa = PBXFileReference; fileEncoding = 4; lastKnownFileType = sourcecode.c.objc; path = SDWebImageDownloader.m; sourceTree = "<group>"; };
		69452FF117BC9961000B6674 /* SDWebImageDownloaderOperation.h */ = {isa = PBXFileReference; fileEncoding = 4; lastKnownFileType = sourcecode.c.h; path = SDWebImageDownloaderOperation.h; sourceTree = "<group>"; };
		69452FF217BC9961000B6674 /* SDWebImageDownloaderOperation.m */ = {isa = PBXFileReference; fileEncoding = 4; lastKnownFileType = sourcecode.c.objc; path = SDWebImageDownloaderOperation.m; sourceTree = "<group>"; };
		69452FF317BC9961000B6674 /* SDWebImageManager.h */ = {isa = PBXFileReference; fileEncoding = 4; lastKnownFileType = sourcecode.c.h; path = SDWebImageManager.h; sourceTree = "<group>"; };
		69452FF417BC9961000B6674 /* SDWebImageManager.m */ = {isa = PBXFileReference; fileEncoding = 4; lastKnownFileType = sourcecode.c.objc; path = SDWebImageManager.m; sourceTree = "<group>"; };
		69452FF517BC9961000B6674 /* SDWebImageOperation.h */ = {isa = PBXFileReference; fileEncoding = 4; lastKnownFileType = sourcecode.c.h; path = SDWebImageOperation.h; sourceTree = "<group>"; };
		69452FF617BC9961000B6674 /* SDWebImagePrefetcher.h */ = {isa = PBXFileReference; fileEncoding = 4; lastKnownFileType = sourcecode.c.h; path = SDWebImagePrefetcher.h; sourceTree = "<group>"; };
		69452FF717BC9961000B6674 /* SDWebImagePrefetcher.m */ = {isa = PBXFileReference; fileEncoding = 4; lastKnownFileType = sourcecode.c.objc; path = SDWebImagePrefetcher.m; sourceTree = "<group>"; };
		69452FF817BC9961000B6674 /* UIButton+WebCache.h */ = {isa = PBXFileReference; fileEncoding = 4; lastKnownFileType = sourcecode.c.h; path = "UIButton+WebCache.h"; sourceTree = "<group>"; };
		69452FF917BC9961000B6674 /* UIButton+WebCache.m */ = {isa = PBXFileReference; fileEncoding = 4; lastKnownFileType = sourcecode.c.objc; path = "UIButton+WebCache.m"; sourceTree = "<group>"; };
		69452FFA17BC9961000B6674 /* UIImage+GIF.h */ = {isa = PBXFileReference; fileEncoding = 4; lastKnownFileType = sourcecode.c.h; path = "UIImage+GIF.h"; sourceTree = "<group>"; };
		69452FFB17BC9961000B6674 /* UIImage+GIF.m */ = {isa = PBXFileReference; fileEncoding = 4; lastKnownFileType = sourcecode.c.objc; path = "UIImage+GIF.m"; sourceTree = "<group>"; };
		69452FFC17BC9961000B6674 /* UIImage+MultiFormat.h */ = {isa = PBXFileReference; fileEncoding = 4; lastKnownFileType = sourcecode.c.h; path = "UIImage+MultiFormat.h"; sourceTree = "<group>"; };
		69452FFD17BC9961000B6674 /* UIImage+MultiFormat.m */ = {isa = PBXFileReference; fileEncoding = 4; lastKnownFileType = sourcecode.c.objc; path = "UIImage+MultiFormat.m"; sourceTree = "<group>"; };
		69452FFE17BC9961000B6674 /* UIImage+WebP.h */ = {isa = PBXFileReference; fileEncoding = 4; lastKnownFileType = sourcecode.c.h; path = "UIImage+WebP.h"; sourceTree = "<group>"; };
		69452FFF17BC9961000B6674 /* UIImage+WebP.m */ = {isa = PBXFileReference; fileEncoding = 4; lastKnownFileType = sourcecode.c.objc; path = "UIImage+WebP.m"; sourceTree = "<group>"; };
		6945300017BC9961000B6674 /* UIImageView+WebCache.h */ = {isa = PBXFileReference; fileEncoding = 4; lastKnownFileType = sourcecode.c.h; path = "UIImageView+WebCache.h"; sourceTree = "<group>"; };
		6945300117BC9961000B6674 /* UIImageView+WebCache.m */ = {isa = PBXFileReference; fileEncoding = 4; lastKnownFileType = sourcecode.c.objc; path = "UIImageView+WebCache.m"; sourceTree = "<group>"; };
		6945302617BC997B000B6674 /* MapKit.framework */ = {isa = PBXFileReference; lastKnownFileType = wrapper.framework; name = MapKit.framework; path = System/Library/Frameworks/MapKit.framework; sourceTree = SDKROOT; };
		6945302817BC9986000B6674 /* MobileCoreServices.framework */ = {isa = PBXFileReference; lastKnownFileType = wrapper.framework; name = MobileCoreServices.framework; path = System/Library/Frameworks/MobileCoreServices.framework; sourceTree = SDKROOT; };
		6945302A17BC998C000B6674 /* SystemConfiguration.framework */ = {isa = PBXFileReference; lastKnownFileType = wrapper.framework; name = SystemConfiguration.framework; path = System/Library/Frameworks/SystemConfiguration.framework; sourceTree = SDKROOT; };
		6945302C17BC9991000B6674 /* CFNetwork.framework */ = {isa = PBXFileReference; lastKnownFileType = wrapper.framework; name = CFNetwork.framework; path = System/Library/Frameworks/CFNetwork.framework; sourceTree = SDKROOT; };
		6945302E17BC9998000B6674 /* ImageIO.framework */ = {isa = PBXFileReference; lastKnownFileType = wrapper.framework; name = ImageIO.framework; path = System/Library/Frameworks/ImageIO.framework; sourceTree = SDKROOT; };
		6945303017BC99AF000B6674 /* libz.1.2.5.dylib */ = {isa = PBXFileReference; lastKnownFileType = "compiled.mach-o.dylib"; name = libz.1.2.5.dylib; path = usr/lib/libz.1.2.5.dylib; sourceTree = SDKROOT; };
		6945303217BC99B5000B6674 /* libxml2.dylib */ = {isa = PBXFileReference; lastKnownFileType = "compiled.mach-o.dylib"; name = libxml2.dylib; path = usr/lib/libxml2.dylib; sourceTree = SDKROOT; };
		6945303417BC9A3B000B6674 /* Common.h */ = {isa = PBXFileReference; fileEncoding = 4; lastKnownFileType = sourcecode.c.h; path = Common.h; sourceTree = "<group>"; };
		6945303517BC9A3B000B6674 /* Common.m */ = {isa = PBXFileReference; fileEncoding = 4; lastKnownFileType = sourcecode.c.objc; path = Common.m; sourceTree = "<group>"; };
		6945303717BC9A4B000B6674 /* RKNetWorkingManager.h */ = {isa = PBXFileReference; fileEncoding = 4; lastKnownFileType = sourcecode.c.h; path = RKNetWorkingManager.h; sourceTree = "<group>"; };
		6945303817BC9A4C000B6674 /* RKNetWorkingManager.m */ = {isa = PBXFileReference; fileEncoding = 4; lastKnownFileType = sourcecode.c.objc; path = RKNetWorkingManager.m; sourceTree = "<group>"; };
		6945303B17BC9AFB000B6674 /* RKHomeViewController.h */ = {isa = PBXFileReference; fileEncoding = 4; lastKnownFileType = sourcecode.c.h; path = RKHomeViewController.h; sourceTree = "<group>"; };
		6945303C17BC9AFB000B6674 /* RKHomeViewController.m */ = {isa = PBXFileReference; fileEncoding = 4; lastKnownFileType = sourcecode.c.objc; path = RKHomeViewController.m; sourceTree = "<group>"; };
		6945303D17BC9AFB000B6674 /* RKHomeViewController.xib */ = {isa = PBXFileReference; fileEncoding = 4; lastKnownFileType = file.xib; path = RKHomeViewController.xib; sourceTree = "<group>"; };
		6945304517BCA6DF000B6674 /* RKCityListViewController.h */ = {isa = PBXFileReference; fileEncoding = 4; lastKnownFileType = sourcecode.c.h; path = RKCityListViewController.h; sourceTree = "<group>"; };
		6945304617BCA6DF000B6674 /* RKCityListViewController.m */ = {isa = PBXFileReference; fileEncoding = 4; lastKnownFileType = sourcecode.c.objc; path = RKCityListViewController.m; sourceTree = "<group>"; };
		6945304717BCA6DF000B6674 /* RKCityListViewController.xib */ = {isa = PBXFileReference; fileEncoding = 4; lastKnownFileType = file.xib; path = RKCityListViewController.xib; sourceTree = "<group>"; };
		6945305017BCB270000B6674 /* RKMyLohasViewController.h */ = {isa = PBXFileReference; fileEncoding = 4; lastKnownFileType = sourcecode.c.h; path = RKMyLohasViewController.h; sourceTree = "<group>"; };
		6945305117BCB270000B6674 /* RKMyLohasViewController.m */ = {isa = PBXFileReference; fileEncoding = 4; lastKnownFileType = sourcecode.c.objc; path = RKMyLohasViewController.m; sourceTree = "<group>"; };
		6945305217BCB270000B6674 /* RKMyLohasViewController.xib */ = {isa = PBXFileReference; fileEncoding = 4; lastKnownFileType = file.xib; path = RKMyLohasViewController.xib; sourceTree = "<group>"; };
		6945305617BCC80D000B6674 /* RKRegisterViewController.h */ = {isa = PBXFileReference; fileEncoding = 4; lastKnownFileType = sourcecode.c.h; path = RKRegisterViewController.h; sourceTree = "<group>"; };
		6945305717BCC80D000B6674 /* RKRegisterViewController.m */ = {isa = PBXFileReference; fileEncoding = 4; lastKnownFileType = sourcecode.c.objc; path = RKRegisterViewController.m; sourceTree = "<group>"; };
		6945305817BCC80D000B6674 /* RKRegisterViewController.xib */ = {isa = PBXFileReference; fileEncoding = 4; lastKnownFileType = file.xib; path = RKRegisterViewController.xib; sourceTree = "<group>"; };
		6945305C17BCDA23000B6674 /* Constents.h */ = {isa = PBXFileReference; fileEncoding = 4; lastKnownFileType = sourcecode.c.h; path = Constents.h; sourceTree = "<group>"; };
		6945305E17BCE0A9000B6674 /* UIKeyboardView.h */ = {isa = PBXFileReference; fileEncoding = 4; lastKnownFileType = sourcecode.c.h; path = UIKeyboardView.h; sourceTree = "<group>"; };
		6945305F17BCE0A9000B6674 /* UIKeyboardView.m */ = {isa = PBXFileReference; fileEncoding = 4; lastKnownFileType = sourcecode.c.objc; path = UIKeyboardView.m; sourceTree = "<group>"; };
		6945306017BCE0A9000B6674 /* UIKeyboardViewController.h */ = {isa = PBXFileReference; fileEncoding = 4; lastKnownFileType = sourcecode.c.h; path = UIKeyboardViewController.h; sourceTree = "<group>"; };
		6945306117BCE0A9000B6674 /* UIKeyboardViewController.m */ = {isa = PBXFileReference; fileEncoding = 4; lastKnownFileType = sourcecode.c.objc; path = UIKeyboardViewController.m; sourceTree = "<group>"; };
		6945306717BDEBFF000B6674 /* RKJoinViewController.h */ = {isa = PBXFileReference; fileEncoding = 4; lastKnownFileType = sourcecode.c.h; path = RKJoinViewController.h; sourceTree = "<group>"; };
		6945306817BDEBFF000B6674 /* RKJoinViewController.m */ = {isa = PBXFileReference; fileEncoding = 4; lastKnownFileType = sourcecode.c.objc; path = RKJoinViewController.m; sourceTree = "<group>"; };
		6945306917BDEBFF000B6674 /* RKJoinViewController.xib */ = {isa = PBXFileReference; fileEncoding = 4; lastKnownFileType = file.xib; path = RKJoinViewController.xib; sourceTree = "<group>"; };
		6945306C17BDFD35000B6674 /* QuartzCore.framework */ = {isa = PBXFileReference; lastKnownFileType = wrapper.framework; name = QuartzCore.framework; path = System/Library/Frameworks/QuartzCore.framework; sourceTree = SDKROOT; };
		6945307417BE0669000B6674 /* InfoPlist.strings */ = {isa = PBXFileReference; fileEncoding = 4; lastKnownFileType = text.plist.strings; path = InfoPlist.strings; sourceTree = "<group>"; };
		6945307517BE066A000B6674 /* Lohas-Info.plist */ = {isa = PBXFileReference; fileEncoding = 4; lastKnownFileType = text.plist.xml; path = "Lohas-Info.plist"; sourceTree = "<group>"; };
		6945307F17BF5958000B6674 /* CSqlite.h */ = {isa = PBXFileReference; fileEncoding = 4; lastKnownFileType = sourcecode.c.h; path = CSqlite.h; sourceTree = "<group>"; };
		6945308017BF5958000B6674 /* CSqlite.m */ = {isa = PBXFileReference; fileEncoding = 4; lastKnownFileType = sourcecode.c.objc; path = CSqlite.m; sourceTree = "<group>"; };
		6945308117BF5958000B6674 /* gps.db */ = {isa = PBXFileReference; lastKnownFileType = file; path = gps.db; sourceTree = "<group>"; };
		6945308417BF5958000B6674 /* sqlite3.h */ = {isa = PBXFileReference; fileEncoding = 4; lastKnownFileType = sourcecode.c.h; path = sqlite3.h; sourceTree = "<group>"; };
		6945308517BF5958000B6674 /* sqlite3ext.h */ = {isa = PBXFileReference; fileEncoding = 4; lastKnownFileType = sourcecode.c.h; path = sqlite3ext.h; sourceTree = "<group>"; };
		6945308A17BF5982000B6674 /* CoreLocation.framework */ = {isa = PBXFileReference; lastKnownFileType = wrapper.framework; name = CoreLocation.framework; path = System/Library/Frameworks/CoreLocation.framework; sourceTree = SDKROOT; };
		6945308C17BF5995000B6674 /* libsqlite3.0.dylib */ = {isa = PBXFileReference; lastKnownFileType = "compiled.mach-o.dylib"; name = libsqlite3.0.dylib; path = usr/lib/libsqlite3.0.dylib; sourceTree = SDKROOT; };
/* End PBXFileReference section */

/* Begin PBXFrameworksBuildPhase section */
		69452F8717BC98A0000B6674 /* Frameworks */ = {
			isa = PBXFrameworksBuildPhase;
			buildActionMask = 2147483647;
			files = (
				6945308D17BF5995000B6674 /* libsqlite3.0.dylib in Frameworks */,
				6945308B17BF5982000B6674 /* CoreLocation.framework in Frameworks */,
				6945306D17BDFD36000B6674 /* QuartzCore.framework in Frameworks */,
				6945303317BC99B5000B6674 /* libxml2.dylib in Frameworks */,
				6945303117BC99AF000B6674 /* libz.1.2.5.dylib in Frameworks */,
				6945302F17BC9998000B6674 /* ImageIO.framework in Frameworks */,
				6945302D17BC9991000B6674 /* CFNetwork.framework in Frameworks */,
				6945302B17BC998C000B6674 /* SystemConfiguration.framework in Frameworks */,
				6945302917BC9986000B6674 /* MobileCoreServices.framework in Frameworks */,
				6945302717BC997B000B6674 /* MapKit.framework in Frameworks */,
				69452F8E17BC98A0000B6674 /* UIKit.framework in Frameworks */,
				69452F9017BC98A0000B6674 /* Foundation.framework in Frameworks */,
				69452F9217BC98A0000B6674 /* CoreGraphics.framework in Frameworks */,
			);
			runOnlyForDeploymentPostprocessing = 0;
		};
/* End PBXFrameworksBuildPhase section */

/* Begin PBXGroup section */
		6900D50117C4B65A00E04C0C /* DetailView */ = {
			isa = PBXGroup;
			children = (
				6900D50217C4B66D00E04C0C /* RKDetailViewController.h */,
				6900D50317C4B66D00E04C0C /* RKDetailViewController.m */,
				6900D50417C4B66D00E04C0C /* RKDetailViewController.xib */,
			);
			path = DetailView;
			sourceTree = "<group>";
		};
		6900D50717C4BDA400E04C0C /* certificationImg */ = {
			isa = PBXGroup;
			children = (
				6900D51E17C4C54300E04C0C /* btnBg@2x.png */,
				6900D51817C4C26400E04C0C /* btnLine@2x.png */,
				6900D51917C4C26400E04C0C /* btnSelected@2x.png */,
				6900D51A17C4C26500E04C0C /* topBack@2x.png */,
				6900D50817C4BDA400E04C0C /* backBtn@2x.png */,
				6900D50917C4BDA400E04C0C /* online.png */,
				6900D50A17C4BDA400E04C0C /* topBack@2x.png */,
				6900D50D17C4BDA400E04C0C /* imageBg@2x.png */,
				6900D50E17C4BDA400E04C0C /* cellBg@2x.png */,
				6900D50F17C4BDA400E04C0C /* arrow@2x.png */,
			);
			path = certificationImg;
			sourceTree = "<group>";
		};
		6900D52017C59AF600E04C0C /* discountImg */ = {
			isa = PBXGroup;
			children = (
				6900D52117C59AF700E04C0C /* discount_cellBg@2x.png */,
				6900D52217C59AF700E04C0C /* discount_topBg@2x.png */,
			);
			path = discountImg;
			sourceTree = "<group>";
		};
		6900D52517C5C76400E04C0C /* myLohas */ = {
			isa = PBXGroup;
			children = (
				6900D52617C5C76500E04C0C /* logo@2x.png */,
				6900D53017C5D5ED00E04C0C /* myLohas_topBg@2x.png */,
				6900D52717C5C76500E04C0C /* myLohas_btnBg@2x.png */,
				6900D52817C5C76500E04C0C /* myLohas_textBox@2x.png */,
				6900D52917C5C76500E04C0C /* myLohas_verifyBg@2x.png */,
				6900D52A17C5C76500E04C0C /* myLohas_verifyBox@2x.png */,
			);
			path = myLohas;
			sourceTree = "<group>";
		};
		6900D53617C606C000E04C0C /* joinImage */ = {
			isa = PBXGroup;
			children = (
				6900D53717C606C200E04C0C /* join_camera@2x.png */,
				6900D53817C606C200E04C0C /* join_commitBtn@2x.png */,
				6900D53917C606C200E04C0C /* join_line@2x.png */,
				6900D53A17C606C200E04C0C /* join_topBg@2x.png */,
				6900D54117C612BE00E04C0C /* join_okBtn@2x.png */,
				6900D54B17C61BDE00E04C0C /* join_photoBg@2x.png */,
			);
			path = joinImage;
			sourceTree = "<group>";
		};
		6900D54F17C7099400E04C0C /* detailImage */ = {
			isa = PBXGroup;
			children = (
				6900D55017C7099400E04C0C /* detail_phone@2x.png */,
				6900D55117C7099400E04C0C /* detail_map@2x.png */,
				6900D55217C7099400E04C0C /* detail_line@2x.png */,
				6900D55317C7099400E04C0C /* detail_info@2x.png */,
				6900D55417C7099400E04C0C /* detail_arrow@2x.png */,
				6900D55617C7099400E04C0C /* detail_photoBg@2x.png */,
				6900D55817C7099400E04C0C /* detail_titleBg@2x.png */,
				6900D55917C7099400E04C0C /* detail_topBg@2x.png */,
				6900D55C17C7099400E04C0C /* detail_infoBg@2x.png */,
			);
			path = detailImage;
			sourceTree = "<group>";
		};
		693BD59C17C1B3EE0039430B /* DropDown */ = {
			isa = PBXGroup;
			children = (
				693BD59D17C1B3EE0039430B /* NIDropDown.h */,
				693BD59E17C1B3EE0039430B /* NIDropDown.m */,
			);
			path = DropDown;
			sourceTree = "<group>";
		};
		693BD5A017C1C0AE0039430B /* FlatDatePicker */ = {
			isa = PBXGroup;
			children = (
				693BD5A117C1C0AE0039430B /* FlatDatePicker-Icon-Check.png */,
				693BD5A217C1C0AE0039430B /* FlatDatePicker-Icon-Check@2x.png */,
				693BD5A317C1C0AE0039430B /* FlatDatePicker-Icon-Close.png */,
				693BD5A417C1C0AE0039430B /* FlatDatePicker-Icon-Close@2x.png */,
				693BD5A517C1C0AE0039430B /* FlatDatePicker.h */,
				693BD5A617C1C0AE0039430B /* FlatDatePicker.m */,
			);
			path = FlatDatePicker;
			sourceTree = "<group>";
		};
		693BD5AC17C1C8BA0039430B /* RDButton */ = {
			isa = PBXGroup;
			children = (
				6900D54917C6171500E04C0C /* RadioButton-Selected@2x.png */,
				6900D53317C6068000E04C0C /* RadioButton-Unselected@2x.png */,
				693BD5AD17C1C8BA0039430B /* RadioButton.h */,
				693BD5AE17C1C8BA0039430B /* RadioButton.m */,
			);
			path = RDButton;
			sourceTree = "<group>";
		};
		693BD5C117C1F8CF0039430B /* image */ = {
			isa = PBXGroup;
			children = (
				693BD5C217C1F8CF0039430B /* homeImg */,
				6900D50717C4BDA400E04C0C /* certificationImg */,
				6900D52017C59AF600E04C0C /* discountImg */,
				6900D52517C5C76400E04C0C /* myLohas */,
				6900D54F17C7099400E04C0C /* detailImage */,
				6900D53617C606C000E04C0C /* joinImage */,
				6900D4FB17C4494100E04C0C /* default_icon@2x.png */,
				6900D54D17C6F32300E04C0C /* background@2x.png */,
			);
			path = image;
			sourceTree = "<group>";
		};
		693BD5C217C1F8CF0039430B /* homeImg */ = {
			isa = PBXGroup;
			children = (
				6900D54517C614E200E04C0C /* home_okBtnBg@2x.png */,
				6900D54317C6148300E04C0C /* home_topBg@2x.png */,
				693BD5C317C1F8CF0039430B /* home_line@2x.png */,
				693BD5C617C1FC0E0039430B /* home_lohas@2x.png */,
				693BD5C817C1FF2C0039430B /* home_discount@2x.png */,
				693BD5CA17C200660039430B /* home_pic@2x.png */,
				693BD5CC17C201480039430B /* home_certification@2x.png */,
				693BD5CE17C202920039430B /* home_join@2x.png */,
				693BD5CF17C202920039430B /* home_mylohas@2x.png */,
			);
			path = homeImg;
			sourceTree = "<group>";
		};
		693BD5C417C1F8CF0039430B /* sound */ = {
			isa = PBXGroup;
			children = (
			);
			path = sound;
			sourceTree = "<group>";
		};
		69452F8117BC98A0000B6674 = {
			isa = PBXGroup;
			children = (
				69452F9317BC98A0000B6674 /* Lohas */,
				69452F8C17BC98A0000B6674 /* Frameworks */,
				69452F8B17BC98A0000B6674 /* Products */,
			);
			sourceTree = "<group>";
		};
		69452F8B17BC98A0000B6674 /* Products */ = {
			isa = PBXGroup;
			children = (
				69452F8A17BC98A0000B6674 /* Lohas.app */,
			);
			name = Products;
			sourceTree = "<group>";
		};
		69452F8C17BC98A0000B6674 /* Frameworks */ = {
			isa = PBXGroup;
			children = (
				6945308C17BF5995000B6674 /* libsqlite3.0.dylib */,
				6945303217BC99B5000B6674 /* libxml2.dylib */,
				6945303017BC99AF000B6674 /* libz.1.2.5.dylib */,
				6945302E17BC9998000B6674 /* ImageIO.framework */,
				6945302C17BC9991000B6674 /* CFNetwork.framework */,
				6945302A17BC998C000B6674 /* SystemConfiguration.framework */,
				6945302817BC9986000B6674 /* MobileCoreServices.framework */,
				6945302617BC997B000B6674 /* MapKit.framework */,
				69452F8D17BC98A0000B6674 /* UIKit.framework */,
				69452F8F17BC98A0000B6674 /* Foundation.framework */,
				69452F9117BC98A0000B6674 /* CoreGraphics.framework */,
				6945306C17BDFD35000B6674 /* QuartzCore.framework */,
				6945308A17BF5982000B6674 /* CoreLocation.framework */,
			);
			name = Frameworks;
			sourceTree = "<group>";
		};
		69452F9317BC98A0000B6674 /* Lohas */ = {
			isa = PBXGroup;
			children = (
				69452FAA17BC9961000B6674 /* Classes */,
				69452FAD17BC9961000B6674 /* Lib */,
				6945300217BC9961000B6674 /* Resources */,
				69452F9C17BC98A0000B6674 /* RKAppDelegate.h */,
				69452F9D17BC98A0000B6674 /* RKAppDelegate.m */,
				69452F9417BC98A0000B6674 /* Supporting Files */,
			);
			path = Lohas;
			sourceTree = "<group>";
		};
		69452F9417BC98A0000B6674 /* Supporting Files */ = {
			isa = PBXGroup;
			children = (
				6945307417BE0669000B6674 /* InfoPlist.strings */,
				6945307517BE066A000B6674 /* Lohas-Info.plist */,
				69452F9917BC98A0000B6674 /* main.m */,
				69452F9B17BC98A0000B6674 /* Lohas-Prefix.pch */,
				69452F9F17BC98A0000B6674 /* Default.png */,
				69452FA117BC98A0000B6674 /* Default@2x.png */,
				69452FA317BC98A0000B6674 /* Default-568h@2x.png */,
			);
			name = "Supporting Files";
			sourceTree = "<group>";
		};
		69452FAA17BC9961000B6674 /* Classes */ = {
			isa = PBXGroup;
			children = (
				69452FAB17BC9961000B6674 /* Common */,
				69452FAC17BC9961000B6674 /* ViewController */,
			);
			path = Classes;
			sourceTree = "<group>";
		};
		69452FAB17BC9961000B6674 /* Common */ = {
			isa = PBXGroup;
			children = (
				6945305C17BCDA23000B6674 /* Constents.h */,
				6945303417BC9A3B000B6674 /* Common.h */,
				6945303517BC9A3B000B6674 /* Common.m */,
				6945303717BC9A4B000B6674 /* RKNetWorkingManager.h */,
				6945303817BC9A4C000B6674 /* RKNetWorkingManager.m */,
			);
			path = Common;
			sourceTree = "<group>";
		};
		69452FAC17BC9961000B6674 /* ViewController */ = {
			isa = PBXGroup;
			children = (
				6945303A17BC9AE3000B6674 /* HomeView */,
				6945304017BCA6AD000B6674 /* CertificationalView */,
				6945304117BCA6AD000B6674 /* DiscountView */,
				6945304217BCA6AD000B6674 /* JoinView */,
				6945304317BCA6AD000B6674 /* MyLohasView */,
				6900D50117C4B65A00E04C0C /* DetailView */,
			);
			path = ViewController;
			sourceTree = "<group>";
		};
		69452FAD17BC9961000B6674 /* Lib */ = {
			isa = PBXGroup;
			children = (
				693BD59C17C1B3EE0039430B /* DropDown */,
				6945307E17BF5958000B6674 /* GPSSqlite */,
				69452FAE17BC9961000B6674 /* asi-http-request */,
				69452FC717BC9961000B6674 /* JSON */,
				69452FE117BC9961000B6674 /* Reachability */,
				69452FE417BC9961000B6674 /* SDWebImage */,
				6945305D17BCE0A9000B6674 /* UIKeyboard */,
				693BD5A017C1C0AE0039430B /* FlatDatePicker */,
				693BD5AC17C1C8BA0039430B /* RDButton */,
			);
			path = Lib;
			sourceTree = "<group>";
		};
		69452FAE17BC9961000B6674 /* asi-http-request */ = {
			isa = PBXGroup;
			children = (
				69452FAF17BC9961000B6674 /* ASIAuthenticationDialog.h */,
				69452FB017BC9961000B6674 /* ASIAuthenticationDialog.m */,
				69452FB117BC9961000B6674 /* ASICacheDelegate.h */,
				69452FB217BC9961000B6674 /* ASIDataCompressor.h */,
				69452FB317BC9961000B6674 /* ASIDataCompressor.m */,
				69452FB417BC9961000B6674 /* ASIDataDecompressor.h */,
				69452FB517BC9961000B6674 /* ASIDataDecompressor.m */,
				69452FB617BC9961000B6674 /* ASIDownloadCache.h */,
				69452FB717BC9961000B6674 /* ASIDownloadCache.m */,
				69452FB817BC9961000B6674 /* ASIFormDataRequest.h */,
				69452FB917BC9961000B6674 /* ASIFormDataRequest.m */,
				69452FBA17BC9961000B6674 /* ASIHTTPRequest.h */,
				69452FBB17BC9961000B6674 /* ASIHTTPRequest.m */,
				69452FBC17BC9961000B6674 /* ASIHTTPRequestConfig.h */,
				69452FBD17BC9961000B6674 /* ASIHTTPRequestDelegate.h */,
				69452FBE17BC9961000B6674 /* ASIInputStream.h */,
				69452FBF17BC9961000B6674 /* ASIInputStream.m */,
				69452FC017BC9961000B6674 /* ASINetworkQueue.h */,
				69452FC117BC9961000B6674 /* ASINetworkQueue.m */,
				69452FC217BC9961000B6674 /* ASIProgressDelegate.h */,
				69452FC317BC9961000B6674 /* ASIWebPageRequest */,
				69452FC417BC9961000B6674 /* CloudFiles */,
				69452FC517BC9961000B6674 /* S3 */,
				69452FC617BC9961000B6674 /* Tests */,
			);
			path = "asi-http-request";
			sourceTree = "<group>";
		};
		69452FC317BC9961000B6674 /* ASIWebPageRequest */ = {
			isa = PBXGroup;
			children = (
			);
			path = ASIWebPageRequest;
			sourceTree = "<group>";
		};
		69452FC417BC9961000B6674 /* CloudFiles */ = {
			isa = PBXGroup;
			children = (
			);
			path = CloudFiles;
			sourceTree = "<group>";
		};
		69452FC517BC9961000B6674 /* S3 */ = {
			isa = PBXGroup;
			children = (
			);
			path = S3;
			sourceTree = "<group>";
		};
		69452FC617BC9961000B6674 /* Tests */ = {
			isa = PBXGroup;
			children = (
			);
			path = Tests;
			sourceTree = "<group>";
		};
		69452FC717BC9961000B6674 /* JSON */ = {
			isa = PBXGroup;
			children = (
				69452FC817BC9961000B6674 /* NSObject+SBJson.h */,
				69452FC917BC9961000B6674 /* NSObject+SBJson.m */,
				69452FCA17BC9961000B6674 /* SBJson.h */,
				69452FCB17BC9961000B6674 /* SBJsonParser.h */,
				69452FCC17BC9961000B6674 /* SBJsonParser.m */,
				69452FCD17BC9961000B6674 /* SBJsonStreamParser.h */,
				69452FCE17BC9961000B6674 /* SBJsonStreamParser.m */,
				69452FCF17BC9961000B6674 /* SBJsonStreamParserAccumulator.h */,
				69452FD017BC9961000B6674 /* SBJsonStreamParserAccumulator.m */,
				69452FD117BC9961000B6674 /* SBJsonStreamParserAdapter.h */,
				69452FD217BC9961000B6674 /* SBJsonStreamParserAdapter.m */,
				69452FD317BC9961000B6674 /* SBJsonStreamParserState.h */,
				69452FD417BC9961000B6674 /* SBJsonStreamParserState.m */,
				69452FD517BC9961000B6674 /* SBJsonStreamWriter.h */,
				69452FD617BC9961000B6674 /* SBJsonStreamWriter.m */,
				69452FD717BC9961000B6674 /* SBJsonStreamWriterAccumulator.h */,
				69452FD817BC9961000B6674 /* SBJsonStreamWriterAccumulator.m */,
				69452FD917BC9961000B6674 /* SBJsonStreamWriterState.h */,
				69452FDA17BC9961000B6674 /* SBJsonStreamWriterState.m */,
				69452FDB17BC9961000B6674 /* SBJsonTokeniser.h */,
				69452FDC17BC9961000B6674 /* SBJsonTokeniser.m */,
				69452FDD17BC9961000B6674 /* SBJsonUTF8Stream.h */,
				69452FDE17BC9961000B6674 /* SBJsonUTF8Stream.m */,
				69452FDF17BC9961000B6674 /* SBJsonWriter.h */,
				69452FE017BC9961000B6674 /* SBJsonWriter.m */,
			);
			path = JSON;
			sourceTree = "<group>";
		};
		69452FE117BC9961000B6674 /* Reachability */ = {
			isa = PBXGroup;
			children = (
				69452FE217BC9961000B6674 /* Reachability.h */,
				69452FE317BC9961000B6674 /* Reachability.m */,
			);
			path = Reachability;
			sourceTree = "<group>";
		};
		69452FE417BC9961000B6674 /* SDWebImage */ = {
			isa = PBXGroup;
			children = (
				69452FE517BC9961000B6674 /* MKAnnotationView+WebCache.h */,
				69452FE617BC9961000B6674 /* MKAnnotationView+WebCache.m */,
				69452FE717BC9961000B6674 /* NSData+GIF.h */,
				69452FE817BC9961000B6674 /* NSData+GIF.m */,
				69452FE917BC9961000B6674 /* SDImageCache.h */,
				69452FEA17BC9961000B6674 /* SDImageCache.m */,
				69452FEB17BC9961000B6674 /* SDWebImageCompat.h */,
				69452FEC17BC9961000B6674 /* SDWebImageCompat.m */,
				69452FED17BC9961000B6674 /* SDWebImageDecoder.h */,
				69452FEE17BC9961000B6674 /* SDWebImageDecoder.m */,
				69452FEF17BC9961000B6674 /* SDWebImageDownloader.h */,
				69452FF017BC9961000B6674 /* SDWebImageDownloader.m */,
				69452FF117BC9961000B6674 /* SDWebImageDownloaderOperation.h */,
				69452FF217BC9961000B6674 /* SDWebImageDownloaderOperation.m */,
				69452FF317BC9961000B6674 /* SDWebImageManager.h */,
				69452FF417BC9961000B6674 /* SDWebImageManager.m */,
				69452FF517BC9961000B6674 /* SDWebImageOperation.h */,
				69452FF617BC9961000B6674 /* SDWebImagePrefetcher.h */,
				69452FF717BC9961000B6674 /* SDWebImagePrefetcher.m */,
				69452FF817BC9961000B6674 /* UIButton+WebCache.h */,
				69452FF917BC9961000B6674 /* UIButton+WebCache.m */,
				69452FFA17BC9961000B6674 /* UIImage+GIF.h */,
				69452FFB17BC9961000B6674 /* UIImage+GIF.m */,
				69452FFC17BC9961000B6674 /* UIImage+MultiFormat.h */,
				69452FFD17BC9961000B6674 /* UIImage+MultiFormat.m */,
				69452FFE17BC9961000B6674 /* UIImage+WebP.h */,
				69452FFF17BC9961000B6674 /* UIImage+WebP.m */,
				6945300017BC9961000B6674 /* UIImageView+WebCache.h */,
				6945300117BC9961000B6674 /* UIImageView+WebCache.m */,
			);
			path = SDWebImage;
			sourceTree = "<group>";
		};
		6945300217BC9961000B6674 /* Resources */ = {
			isa = PBXGroup;
			children = (
				693BD5C117C1F8CF0039430B /* image */,
				693BD5C417C1F8CF0039430B /* sound */,
				693BD5EA17C3498D0039430B /* trade.plist */,
				6900D4FD17C4987B00E04C0C /* city.plist */,
				6900D4FF17C4A63500E04C0C /* cityList.plist */,
			);
			path = Resources;
			sourceTree = "<group>";
		};
		6945303A17BC9AE3000B6674 /* HomeView */ = {
			isa = PBXGroup;
			children = (
				6945303B17BC9AFB000B6674 /* RKHomeViewController.h */,
				6945303C17BC9AFB000B6674 /* RKHomeViewController.m */,
				6945303D17BC9AFB000B6674 /* RKHomeViewController.xib */,
				6945304417BCA6D2000B6674 /* CityListView */,
			);
			path = HomeView;
			sourceTree = "<group>";
		};
		6945304017BCA6AD000B6674 /* CertificationalView */ = {
			isa = PBXGroup;
			children = (
				693BD5DC17C3229C0039430B /* RKCertificationCell.h */,
				693BD5DD17C3229C0039430B /* RKCertificationCell.m */,
				693BD5DF17C322AF0039430B /* RKCertificationCell.xib */,
				693BD5E117C322F90039430B /* RKCertifitionViewController.h */,
				693BD5E217C322FA0039430B /* RKCertifitionViewController.m */,
				693BD5E317C322FA0039430B /* RKCertifitionViewController.xib */,
			);
			path = CertificationalView;
			sourceTree = "<group>";
		};
		6945304117BCA6AD000B6674 /* DiscountView */ = {
			isa = PBXGroup;
			children = (
				693BD5B717C1E93B0039430B /* RKDiscountViewController.h */,
				693BD5B817C1E93B0039430B /* RKDiscountViewController.m */,
				693BD5B917C1E93B0039430B /* RKDiscountViewController.xib */,
				693BD5D717C313A80039430B /* RKDiscountCell.h */,
				693BD5D817C313A80039430B /* RKDiscountCell.m */,
				693BD5D917C313A80039430B /* RKDiscountCell.xib */,
			);
			path = DiscountView;
			sourceTree = "<group>";
		};
		6945304217BCA6AD000B6674 /* JoinView */ = {
			isa = PBXGroup;
			children = (
				6945306717BDEBFF000B6674 /* RKJoinViewController.h */,
				6945306817BDEBFF000B6674 /* RKJoinViewController.m */,
				6945306917BDEBFF000B6674 /* RKJoinViewController.xib */,
			);
			path = JoinView;
			sourceTree = "<group>";
		};
		6945304317BCA6AD000B6674 /* MyLohasView */ = {
			isa = PBXGroup;
			children = (
				6945304F17BCB270000B6674 /* LoginView */,
				6945305517BCC769000B6674 /* RegisterView */,
			);
			path = MyLohasView;
			sourceTree = "<group>";
		};
		6945304417BCA6D2000B6674 /* CityListView */ = {
			isa = PBXGroup;
			children = (
				6945304517BCA6DF000B6674 /* RKCityListViewController.h */,
				6945304617BCA6DF000B6674 /* RKCityListViewController.m */,
				6945304717BCA6DF000B6674 /* RKCityListViewController.xib */,
			);
			path = CityListView;
			sourceTree = "<group>";
		};
		6945304F17BCB270000B6674 /* LoginView */ = {
			isa = PBXGroup;
			children = (
				6945305017BCB270000B6674 /* RKMyLohasViewController.h */,
				6945305117BCB270000B6674 /* RKMyLohasViewController.m */,
				6945305217BCB270000B6674 /* RKMyLohasViewController.xib */,
			);
			path = LoginView;
			sourceTree = "<group>";
		};
		6945305517BCC769000B6674 /* RegisterView */ = {
			isa = PBXGroup;
			children = (
				6945305617BCC80D000B6674 /* RKRegisterViewController.h */,
				6945305717BCC80D000B6674 /* RKRegisterViewController.m */,
				6945305817BCC80D000B6674 /* RKRegisterViewController.xib */,
			);
			path = RegisterView;
			sourceTree = "<group>";
		};
		6945305D17BCE0A9000B6674 /* UIKeyboard */ = {
			isa = PBXGroup;
			children = (
				6945305E17BCE0A9000B6674 /* UIKeyboardView.h */,
				6945305F17BCE0A9000B6674 /* UIKeyboardView.m */,
				6945306017BCE0A9000B6674 /* UIKeyboardViewController.h */,
				6945306117BCE0A9000B6674 /* UIKeyboardViewController.m */,
			);
			path = UIKeyboard;
			sourceTree = "<group>";
		};
		6945307E17BF5958000B6674 /* GPSSqlite */ = {
			isa = PBXGroup;
			children = (
				6945307F17BF5958000B6674 /* CSqlite.h */,
				6945308017BF5958000B6674 /* CSqlite.m */,
				6945308117BF5958000B6674 /* gps.db */,
				6945308417BF5958000B6674 /* sqlite3.h */,
				6945308517BF5958000B6674 /* sqlite3ext.h */,
			);
			path = GPSSqlite;
			sourceTree = "<group>";
		};
/* End PBXGroup section */

/* Begin PBXNativeTarget section */
		69452F8917BC98A0000B6674 /* Lohas */ = {
			isa = PBXNativeTarget;
			buildConfigurationList = 69452FA717BC98A0000B6674 /* Build configuration list for PBXNativeTarget "Lohas" */;
			buildPhases = (
				69452F8617BC98A0000B6674 /* Sources */,
				69452F8717BC98A0000B6674 /* Frameworks */,
				69452F8817BC98A0000B6674 /* Resources */,
			);
			buildRules = (
			);
			dependencies = (
			);
			name = Lohas;
			productName = Lohas;
			productReference = 69452F8A17BC98A0000B6674 /* Lohas.app */;
			productType = "com.apple.product-type.application";
		};
/* End PBXNativeTarget section */

/* Begin PBXProject section */
		69452F8217BC98A0000B6674 /* Project object */ = {
			isa = PBXProject;
			attributes = {
				CLASSPREFIX = RK;
				LastUpgradeCheck = 0460;
				ORGANIZATIONNAME = Evan;
			};
			buildConfigurationList = 69452F8517BC98A0000B6674 /* Build configuration list for PBXProject "Lohas" */;
			compatibilityVersion = "Xcode 3.2";
			developmentRegion = English;
			hasScannedForEncodings = 0;
			knownRegions = (
				en,
				"zh-Hans",
			);
			mainGroup = 69452F8117BC98A0000B6674;
			productRefGroup = 69452F8B17BC98A0000B6674 /* Products */;
			projectDirPath = "";
			projectRoot = "";
			targets = (
				69452F8917BC98A0000B6674 /* Lohas */,
			);
		};
/* End PBXProject section */

/* Begin PBXResourcesBuildPhase section */
		69452F8817BC98A0000B6674 /* Resources */ = {
			isa = PBXResourcesBuildPhase;
			buildActionMask = 2147483647;
			files = (
				69452FA017BC98A0000B6674 /* Default.png in Resources */,
				69452FA217BC98A0000B6674 /* Default@2x.png in Resources */,
				69452FA417BC98A0000B6674 /* Default-568h@2x.png in Resources */,
				6945303F17BC9AFB000B6674 /* RKHomeViewController.xib in Resources */,
				6945304917BCA6DF000B6674 /* RKCityListViewController.xib in Resources */,
				6945305417BCB270000B6674 /* RKMyLohasViewController.xib in Resources */,
				6945305A17BCC80D000B6674 /* RKRegisterViewController.xib in Resources */,
				6945306B17BDEBFF000B6674 /* RKJoinViewController.xib in Resources */,
				6945307617BE066D000B6674 /* InfoPlist.strings in Resources */,
				6945307717BE066D000B6674 /* Lohas-Info.plist in Resources */,
				6945308717BF5958000B6674 /* gps.db in Resources */,
				693BD5A717C1C0AE0039430B /* FlatDatePicker-Icon-Check.png in Resources */,
				693BD5A817C1C0AE0039430B /* FlatDatePicker-Icon-Check@2x.png in Resources */,
				693BD5A917C1C0AE0039430B /* FlatDatePicker-Icon-Close.png in Resources */,
				693BD5AA17C1C0AE0039430B /* FlatDatePicker-Icon-Close@2x.png in Resources */,
				693BD5BB17C1E93B0039430B /* RKDiscountViewController.xib in Resources */,
				693BD5C517C1F8CF0039430B /* home_line@2x.png in Resources */,
				693BD5C717C1FC0E0039430B /* home_lohas@2x.png in Resources */,
				693BD5C917C1FF2C0039430B /* home_discount@2x.png in Resources */,
				693BD5CB17C200660039430B /* home_pic@2x.png in Resources */,
				693BD5CD17C201480039430B /* home_certification@2x.png in Resources */,
				693BD5D017C202920039430B /* home_join@2x.png in Resources */,
				693BD5D117C202920039430B /* home_mylohas@2x.png in Resources */,
				693BD5DB17C313A80039430B /* RKDiscountCell.xib in Resources */,
				693BD5E017C322AF0039430B /* RKCertificationCell.xib in Resources */,
				693BD5E517C322FA0039430B /* RKCertifitionViewController.xib in Resources */,
				693BD5EB17C3498D0039430B /* trade.plist in Resources */,
				6900D4FC17C4494100E04C0C /* default_icon@2x.png in Resources */,
				6900D4FE17C4987B00E04C0C /* city.plist in Resources */,
				6900D50017C4A63500E04C0C /* cityList.plist in Resources */,
				6900D50617C4B66D00E04C0C /* RKDetailViewController.xib in Resources */,
				6900D51017C4BDA400E04C0C /* backBtn@2x.png in Resources */,
				6900D51117C4BDA400E04C0C /* online.png in Resources */,
				6900D51217C4BDA400E04C0C /* topBack@2x.png in Resources */,
				6900D51517C4BDA400E04C0C /* imageBg@2x.png in Resources */,
				6900D51617C4BDA400E04C0C /* cellBg@2x.png in Resources */,
				6900D51717C4BDA400E04C0C /* arrow@2x.png in Resources */,
				6900D51B17C4C26500E04C0C /* btnLine@2x.png in Resources */,
				6900D51C17C4C26500E04C0C /* btnSelected@2x.png in Resources */,
				6900D51D17C4C26500E04C0C /* topBack@2x.png in Resources */,
				6900D51F17C4C54400E04C0C /* btnBg@2x.png in Resources */,
				6900D52317C59AF700E04C0C /* discount_cellBg@2x.png in Resources */,
				6900D52417C59AF700E04C0C /* discount_topBg@2x.png in Resources */,
				6900D52B17C5C76500E04C0C /* logo@2x.png in Resources */,
				6900D52C17C5C76500E04C0C /* myLohas_btnBg@2x.png in Resources */,
				6900D52D17C5C76500E04C0C /* myLohas_textBox@2x.png in Resources */,
				6900D52E17C5C76500E04C0C /* myLohas_verifyBg@2x.png in Resources */,
				6900D52F17C5C76500E04C0C /* myLohas_verifyBox@2x.png in Resources */,
				6900D53117C5D5EE00E04C0C /* myLohas_topBg@2x.png in Resources */,
				6900D53517C6068000E04C0C /* RadioButton-Unselected@2x.png in Resources */,
				6900D53C17C606C200E04C0C /* join_camera@2x.png in Resources */,
				6900D53D17C606C200E04C0C /* join_commitBtn@2x.png in Resources */,
				6900D53E17C606C200E04C0C /* join_line@2x.png in Resources */,
				6900D53F17C606C200E04C0C /* join_topBg@2x.png in Resources */,
				6900D54217C612BE00E04C0C /* join_okBtn@2x.png in Resources */,
				6900D54417C6148300E04C0C /* home_topBg@2x.png in Resources */,
				6900D54617C614E300E04C0C /* home_okBtnBg@2x.png in Resources */,
				6900D54A17C6171500E04C0C /* RadioButton-Selected@2x.png in Resources */,
				6900D54C17C61BDE00E04C0C /* join_photoBg@2x.png in Resources */,
				6900D54E17C6F32300E04C0C /* background@2x.png in Resources */,
				6900D55D17C7099400E04C0C /* detail_phone@2x.png in Resources */,
				6900D55E17C7099400E04C0C /* detail_map@2x.png in Resources */,
				6900D55F17C7099400E04C0C /* detail_line@2x.png in Resources */,
				6900D56017C7099400E04C0C /* detail_info@2x.png in Resources */,
				6900D56117C7099400E04C0C /* detail_arrow@2x.png in Resources */,
				6900D56317C7099400E04C0C /* detail_photoBg@2x.png in Resources */,
				6900D56517C7099400E04C0C /* detail_titleBg@2x.png in Resources */,
				6900D56617C7099400E04C0C /* detail_topBg@2x.png in Resources */,
				6900D56917C7099400E04C0C /* detail_infoBg@2x.png in Resources */,
			);
			runOnlyForDeploymentPostprocessing = 0;
		};
/* End PBXResourcesBuildPhase section */

/* Begin PBXSourcesBuildPhase section */
		69452F8617BC98A0000B6674 /* Sources */ = {
			isa = PBXSourcesBuildPhase;
			buildActionMask = 2147483647;
			files = (
				69452F9A17BC98A0000B6674 /* main.m in Sources */,
				69452F9E17BC98A0000B6674 /* RKAppDelegate.m in Sources */,
				6945300317BC9961000B6674 /* ASIAuthenticationDialog.m in Sources */,
				6945300417BC9961000B6674 /* ASIDataCompressor.m in Sources */,
				6945300517BC9961000B6674 /* ASIDataDecompressor.m in Sources */,
				6945300617BC9961000B6674 /* ASIDownloadCache.m in Sources */,
				6945300717BC9961000B6674 /* ASIFormDataRequest.m in Sources */,
				6945300817BC9961000B6674 /* ASIHTTPRequest.m in Sources */,
				6945300917BC9961000B6674 /* ASIInputStream.m in Sources */,
				6945300A17BC9961000B6674 /* ASINetworkQueue.m in Sources */,
				6945300B17BC9961000B6674 /* NSObject+SBJson.m in Sources */,
				6945300C17BC9961000B6674 /* SBJsonParser.m in Sources */,
				6945300D17BC9961000B6674 /* SBJsonStreamParser.m in Sources */,
				6945300E17BC9961000B6674 /* SBJsonStreamParserAccumulator.m in Sources */,
				6945300F17BC9961000B6674 /* SBJsonStreamParserAdapter.m in Sources */,
				6945301017BC9961000B6674 /* SBJsonStreamParserState.m in Sources */,
				6945301117BC9961000B6674 /* SBJsonStreamWriter.m in Sources */,
				6945301217BC9962000B6674 /* SBJsonStreamWriterAccumulator.m in Sources */,
				6945301317BC9962000B6674 /* SBJsonStreamWriterState.m in Sources */,
				6945301417BC9962000B6674 /* SBJsonTokeniser.m in Sources */,
				6945301517BC9962000B6674 /* SBJsonUTF8Stream.m in Sources */,
				6945301617BC9962000B6674 /* SBJsonWriter.m in Sources */,
				6945301717BC9962000B6674 /* Reachability.m in Sources */,
				6945301817BC9962000B6674 /* MKAnnotationView+WebCache.m in Sources */,
				6945301917BC9962000B6674 /* NSData+GIF.m in Sources */,
				6945301A17BC9962000B6674 /* SDImageCache.m in Sources */,
				6945301B17BC9962000B6674 /* SDWebImageCompat.m in Sources */,
				6945301C17BC9962000B6674 /* SDWebImageDecoder.m in Sources */,
				6945301D17BC9962000B6674 /* SDWebImageDownloader.m in Sources */,
				6945301E17BC9962000B6674 /* SDWebImageDownloaderOperation.m in Sources */,
				6945301F17BC9962000B6674 /* SDWebImageManager.m in Sources */,
				6945302017BC9962000B6674 /* SDWebImagePrefetcher.m in Sources */,
				6945302117BC9962000B6674 /* UIButton+WebCache.m in Sources */,
				6945302217BC9962000B6674 /* UIImage+GIF.m in Sources */,
				6945302317BC9962000B6674 /* UIImage+MultiFormat.m in Sources */,
				6945302417BC9962000B6674 /* UIImage+WebP.m in Sources */,
				6945302517BC9962000B6674 /* UIImageView+WebCache.m in Sources */,
				6945303617BC9A3B000B6674 /* Common.m in Sources */,
				6945303917BC9A4C000B6674 /* RKNetWorkingManager.m in Sources */,
				6945303E17BC9AFB000B6674 /* RKHomeViewController.m in Sources */,
				6945304817BCA6DF000B6674 /* RKCityListViewController.m in Sources */,
				6945305317BCB270000B6674 /* RKMyLohasViewController.m in Sources */,
				6945305917BCC80D000B6674 /* RKRegisterViewController.m in Sources */,
				6945306217BCE0A9000B6674 /* UIKeyboardView.m in Sources */,
				6945306317BCE0A9000B6674 /* UIKeyboardViewController.m in Sources */,
				6945306A17BDEBFF000B6674 /* RKJoinViewController.m in Sources */,
				6945308617BF5958000B6674 /* CSqlite.m in Sources */,
				693BD59F17C1B3EE0039430B /* NIDropDown.m in Sources */,
				693BD5AB17C1C0AE0039430B /* FlatDatePicker.m in Sources */,
				693BD5B117C1C8BA0039430B /* RadioButton.m in Sources */,
				693BD5BA17C1E93B0039430B /* RKDiscountViewController.m in Sources */,
				693BD5DA17C313A80039430B /* RKDiscountCell.m in Sources */,
				693BD5DE17C3229C0039430B /* RKCertificationCell.m in Sources */,
				693BD5E417C322FA0039430B /* RKCertifitionViewController.m in Sources */,
				6900D50517C4B66D00E04C0C /* RKDetailViewController.m in Sources */,
			);
			runOnlyForDeploymentPostprocessing = 0;
		};
/* End PBXSourcesBuildPhase section */

/* Begin XCBuildConfiguration section */
		69452FA517BC98A0000B6674 /* Debug */ = {
			isa = XCBuildConfiguration;
			buildSettings = {
				ALWAYS_SEARCH_USER_PATHS = NO;
				CLANG_CXX_LANGUAGE_STANDARD = "gnu++0x";
				CLANG_CXX_LIBRARY = "libc++";
				CLANG_ENABLE_OBJC_ARC = YES;
				CLANG_WARN_CONSTANT_CONVERSION = YES;
				CLANG_WARN_EMPTY_BODY = YES;
				CLANG_WARN_ENUM_CONVERSION = YES;
				CLANG_WARN_INT_CONVERSION = YES;
				CLANG_WARN__DUPLICATE_METHOD_MATCH = YES;
				CODE_SIGN_IDENTITY = "iPhone Developer: Yu Zhang (56B4HU6VX8)";
				"CODE_SIGN_IDENTITY[sdk=iphoneos*]" = "iPhone Developer: Yu Zhang (56B4HU6VX8)";
				COPY_PHASE_STRIP = NO;
				GCC_C_LANGUAGE_STANDARD = gnu99;
				GCC_DYNAMIC_NO_PIC = NO;
				GCC_OPTIMIZATION_LEVEL = 0;
				GCC_PREPROCESSOR_DEFINITIONS = (
					"DEBUG=1",
					"$(inherited)",
				);
				GCC_SYMBOLS_PRIVATE_EXTERN = NO;
				GCC_WARN_ABOUT_RETURN_TYPE = YES;
				GCC_WARN_UNINITIALIZED_AUTOS = YES;
				GCC_WARN_UNUSED_VARIABLE = YES;
				IPHONEOS_DEPLOYMENT_TARGET = 5.0;
				ONLY_ACTIVE_ARCH = YES;
				PROVISIONING_PROFILE = "08115B80-1D3F-41A6-80D3-4267A42795A1";
				"PROVISIONING_PROFILE[sdk=iphoneos*]" = "08115B80-1D3F-41A6-80D3-4267A42795A1";
				SDKROOT = iphoneos;
			};
			name = Debug;
		};
		69452FA617BC98A0000B6674 /* Release */ = {
			isa = XCBuildConfiguration;
			buildSettings = {
				ALWAYS_SEARCH_USER_PATHS = NO;
				CLANG_CXX_LANGUAGE_STANDARD = "gnu++0x";
				CLANG_CXX_LIBRARY = "libc++";
				CLANG_ENABLE_OBJC_ARC = YES;
				CLANG_WARN_CONSTANT_CONVERSION = YES;
				CLANG_WARN_EMPTY_BODY = YES;
				CLANG_WARN_ENUM_CONVERSION = YES;
				CLANG_WARN_INT_CONVERSION = YES;
				CLANG_WARN__DUPLICATE_METHOD_MATCH = YES;
				CODE_SIGN_IDENTITY = "iPhone Developer: Yu Zhang (56B4HU6VX8)";
				"CODE_SIGN_IDENTITY[sdk=iphoneos*]" = "iPhone Developer: Yu Zhang (56B4HU6VX8)";
				COPY_PHASE_STRIP = YES;
				GCC_C_LANGUAGE_STANDARD = gnu99;
				GCC_WARN_ABOUT_RETURN_TYPE = YES;
				GCC_WARN_UNINITIALIZED_AUTOS = YES;
				GCC_WARN_UNUSED_VARIABLE = YES;
				IPHONEOS_DEPLOYMENT_TARGET = 5.0;
				OTHER_CFLAGS = "-DNS_BLOCK_ASSERTIONS=1";
				PROVISIONING_PROFILE = "08115B80-1D3F-41A6-80D3-4267A42795A1";
				"PROVISIONING_PROFILE[sdk=iphoneos*]" = "08115B80-1D3F-41A6-80D3-4267A42795A1";
				SDKROOT = iphoneos;
				VALIDATE_PRODUCT = YES;
			};
			name = Release;
		};
		69452FA817BC98A0000B6674 /* Debug */ = {
			isa = XCBuildConfiguration;
			buildSettings = {
				GCC_PRECOMPILE_PREFIX_HEADER = YES;
				GCC_PREFIX_HEADER = "Lohas/Lohas-Prefix.pch";
				INFOPLIST_FILE = "Lohas/Lohas-Info.plist";
				PRODUCT_NAME = "$(TARGET_NAME)";
				WRAPPER_EXTENSION = app;
			};
			name = Debug;
		};
		69452FA917BC98A0000B6674 /* Release */ = {
			isa = XCBuildConfiguration;
			buildSettings = {
				GCC_PRECOMPILE_PREFIX_HEADER = YES;
				GCC_PREFIX_HEADER = "Lohas/Lohas-Prefix.pch";
				INFOPLIST_FILE = "Lohas/Lohas-Info.plist";
				PRODUCT_NAME = "$(TARGET_NAME)";
				WRAPPER_EXTENSION = app;
			};
			name = Release;
		};
/* End XCBuildConfiguration section */

/* Begin XCConfigurationList section */
		69452F8517BC98A0000B6674 /* Build configuration list for PBXProject "Lohas" */ = {
			isa = XCConfigurationList;
			buildConfigurations = (
				69452FA517BC98A0000B6674 /* Debug */,
				69452FA617BC98A0000B6674 /* Release */,
			);
			defaultConfigurationIsVisible = 0;
			defaultConfigurationName = Release;
		};
		69452FA717BC98A0000B6674 /* Build configuration list for PBXNativeTarget "Lohas" */ = {
			isa = XCConfigurationList;
			buildConfigurations = (
				69452FA817BC98A0000B6674 /* Debug */,
				69452FA917BC98A0000B6674 /* Release */,
			);
			defaultConfigurationIsVisible = 0;
			defaultConfigurationName = Release;
		};
/* End XCConfigurationList section */
	};
	rootObject = 69452F8217BC98A0000B6674 /* Project object */;
}
